
Microsoft Visual Studio Solution File, Format Version 12.00
# Visual Studio 15
VisualStudioVersion = 15.0.28307.421
MinimumVisualStudioVersion = 10.0.40219.1
Project("{8BC9CEB8-8B4A-11D0-8D11-00A0C91BC942}") = "libdlib", "thirdparty\dlib-19.24\libdlib.vcxproj", "{6BE70CEE-071C-3C71-8442-32128E68B4DF}"
EndProject
Project("{2150E333-8FDC-42A3-9474-1A3956D46DE8}") = "0_thirdparty", "0_thirdparty", "{67770FC6-316D-4889-AD65-C8FB8987D873}"
EndProject
Project("{2150E333-8FDC-42A3-9474-1A3956D46DE8}") = "1_demo", "1_demo", "{A6F2B5BD-9D43-4004-BC36-E669EF76FEDA}"
EndProject
Project("{2150E333-8FDC-42A3-9474-1A3956D46DE8}") = "cmake_utils", "cmake_utils", "{D1911204-BC80-439C-BFD1-3852F51DEE8F}"
EndProject
Project("{8BC9CEB8-8B4A-11D0-8D11-00A0C91BC942}") = "libpng_test", "demo\cmake_utils\test_for_libpng\libpng_test.vcxproj", "{35D987E7-D16B-30CD-B996-EDE88D82A45F}"
	ProjectSection(ProjectDependencies) = postProject
		{30B09509-2893-3529-A441-F1C5EB136B61} = {30B09509-2893-3529-A441-F1C5EB136B61}
		{98370A1A-2305-3AE1-8D6B-0841290DE59E} = {98370A1A-2305-3AE1-8D6B-0841290DE59E}
	EndProjectSection
EndProject
Project("{8BC9CEB8-8B4A-11D0-8D11-00A0C91BC942}") = "libzlib", "thirdparty\zlib-1.2.12\libzlib.vcxproj", "{98370A1A-2305-3AE1-8D6B-0841290DE59E}"
EndProject
Project("{8BC9CEB8-8B4A-11D0-8D11-00A0C91BC942}") = "libpng", "thirdparty\png1637\libpng.vcxproj", "{30B09509-2893-3529-A441-F1C5EB136B61}"
EndProject
Project("{2150E333-8FDC-42A3-9474-1A3956D46DE8}") = "examples", "examples", "{1C6C1B4A-4D25-47A2-AD09-6D2DF1A38D04}"
EndProject
Project("{8BC9CEB8-8B4A-11D0-8D11-00A0C91BC942}") = "3d_point_cloud_ex", "demo\examples\3d_point_cloud_ex\3d_point_cloud_ex.vcxproj", "{3CFD8D3C-5D69-47BF-9E96-BCD6AC473C8C}"
EndProject
Project("{8BC9CEB8-8B4A-11D0-8D11-00A0C91BC942}") = "assignment_learning_ex", "demo\examples\assignment_learning_ex\assignment_learning_ex.vcxproj", "{0FEFB7B0-7BD1-4231-80AA-02A31BCB37C5}"
EndProject
Project("{8BC9CEB8-8B4A-11D0-8D11-00A0C91BC942}") = "bayes_net_ex", "demo\examples\bayes_net_ex\bayes_net_ex.vcxproj", "{35234C97-C35E-4234-8EC0-9A9D24CC0382}"
EndProject
Project("{8BC9CEB8-8B4A-11D0-8D11-00A0C91BC942}") = "bayes_net_from_disk_ex", "demo\examples\bayes_net_from_disk_ex\bayes_net_from_disk_ex.vcxproj", "{555913B2-3EAD-40FF-B146-B0C55A140679}"
EndProject
Project("{8BC9CEB8-8B4A-11D0-8D11-00A0C91BC942}") = "bayes_net_gui_ex", "demo\examples\bayes_net_gui_ex\bayes_net_gui_ex.vcxproj", "{8A50DC62-664A-4D8C-B1EB-24BF8FB0847E}"
EndProject
Project("{8BC9CEB8-8B4A-11D0-8D11-00A0C91BC942}") = "bridge_ex", "demo\examples\bridge_ex\bridge_ex.vcxproj", "{B955A1F6-67D2-4C6D-9B69-00E2E3013F92}"
EndProject
Project("{8BC9CEB8-8B4A-11D0-8D11-00A0C91BC942}") = "bsp_ex", "demo\examples\bsp_ex\bsp_ex.vcxproj", "{0C33216A-39CC-4635-9E8C-79E53F3419CF}"
EndProject
Project("{8BC9CEB8-8B4A-11D0-8D11-00A0C91BC942}") = "compress_stream_ex", "demo\examples\compress_stream_ex\compress_stream_ex.vcxproj", "{627EAB97-5BDB-4A34-B77F-355A123B10A0}"
EndProject
Project("{8BC9CEB8-8B4A-11D0-8D11-00A0C91BC942}") = "config_reader_ex", "demo\examples\config_reader_ex\config_reader_ex.vcxproj", "{84A5017E-5348-4042-8006-0F082BC8C6E6}"
EndProject
Project("{8BC9CEB8-8B4A-11D0-8D11-00A0C91BC942}") = "custom_trainer_ex", "demo\examples\custom_trainer_ex\custom_trainer_ex.vcxproj", "{2C3EEA3E-1842-45D4-A57B-BB10FE7ABEBD}"
EndProject
Project("{8BC9CEB8-8B4A-11D0-8D11-00A0C91BC942}") = "dir_nav_ex", "demo\examples\dir_nav_ex\dir_nav_ex.vcxproj", "{BE2C0B0A-963E-4CEC-9C7C-B2A42F04866E}"
EndProject
Project("{8BC9CEB8-8B4A-11D0-8D11-00A0C91BC942}") = "dnn_dcgan_train_ex", "demo\examples\dnn_dcgan_train_ex\dnn_dcgan_train_ex.vcxproj", "{7D855A07-C22C-4762-9D4A-684CED430A77}"
EndProject
Project("{8BC9CEB8-8B4A-11D0-8D11-00A0C91BC942}") = "dnn_face_recognition_ex", "demo\examples\dnn_face_recognition_ex\dnn_face_recognition_ex.vcxproj", "{7C46BB42-7490-4524-92AB-70A7C705DB9C}"
EndProject
Project("{8BC9CEB8-8B4A-11D0-8D11-00A0C91BC942}") = "dnn_imagenet_ex", "demo\examples\dnn_imagenet_ex\dnn_imagenet_ex.vcxproj", "{66BAB606-04E5-41A5-802B-3EA639C8A9F8}"
EndProject
Project("{8BC9CEB8-8B4A-11D0-8D11-00A0C91BC942}") = "dnn_imagenet_train_ex", "demo\examples\dnn_imagenet_train_ex\dnn_imagenet_train_ex.vcxproj", "{3B86F54A-6FBB-4D9E-8A1A-5F71813AEDCB}"
EndProject
Project("{8BC9CEB8-8B4A-11D0-8D11-00A0C91BC942}") = "dnn_instance_segmentation_train_ex", "demo\examples\dnn_instance_segmentation_train_ex\dnn_instance_segmentation_train_ex.vcxproj", "{2DC9A24A-E628-4BE0-A6AE-E906DD20160F}"
EndProject
Project("{8BC9CEB8-8B4A-11D0-8D11-00A0C91BC942}") = "dnn_inception_ex", "demo\examples\dnn_inception_ex\dnn_inception_ex.vcxproj", "{EFAF98A5-AC3D-4E6B-BD66-425C232F8204}"
EndProject
Project("{8BC9CEB8-8B4A-11D0-8D11-00A0C91BC942}") = "dnn_instance_segmentation_ex", "demo\examples\dnn_instance_segmentation_ex\dnn_instance_segmentation_ex.vcxproj", "{3BCC0BFC-8A13-44FE-BFD5-8DEB14C727F7}"
EndProject
Project("{8BC9CEB8-8B4A-11D0-8D11-00A0C91BC942}") = "dnn_introduction_ex", "demo\examples\dnn_introduction_ex\dnn_introduction_ex.vcxproj", "{A6294995-A5FC-4EC2-9EAE-35BD531D2A62}"
EndProject
Project("{8BC9CEB8-8B4A-11D0-8D11-00A0C91BC942}") = "dnn_introduction2_ex", "demo\examples\dnn_introduction2_ex\dnn_introduction2_ex.vcxproj", "{3416DD29-28B5-4A4F-A9B9-2A853DBEF0BF}"
EndProject
Project("{8BC9CEB8-8B4A-11D0-8D11-00A0C91BC942}") = "dnn_introduction3_ex", "demo\examples\dnn_introduction3_ex\dnn_introduction3_ex.vcxproj", "{1BAACAEC-1564-45A1-A737-1DF1ECE3207F}"
EndProject
Project("{8BC9CEB8-8B4A-11D0-8D11-00A0C91BC942}") = "dnn_metric_learning_ex", "demo\examples\dnn_metric_learning_ex\dnn_metric_learning_ex.vcxproj", "{9CAC4F9B-15A0-4EC5-B396-E4C4F568967A}"
EndProject
Project("{8BC9CEB8-8B4A-11D0-8D11-00A0C91BC942}") = "dnn_metric_learning_on_images_ex", "demo\examples\dnn_metric_learning_on_images_ex\dnn_metric_learning_on_images_ex.vcxproj", "{23EE15F8-317D-4D88-9C6A-2AA2351BA162}"
EndProject
Project("{8BC9CEB8-8B4A-11D0-8D11-00A0C91BC942}") = "dnn_mmod_dog_hipsterizer", "demo\examples\dnn_mmod_dog_hipsterizer\dnn_mmod_dog_hipsterizer.vcxproj", "{C3A4E4E8-DC0C-4C14-9895-DD56D0E36952}"
EndProject
Project("{8BC9CEB8-8B4A-11D0-8D11-00A0C91BC942}") = "dnn_mmod_ex", "demo\examples\dnn_mmod_ex\dnn_mmod_ex.vcxproj", "{6AB94989-89CE-4176-9CA6-D46533DC1F3A}"
EndProject
Project("{8BC9CEB8-8B4A-11D0-8D11-00A0C91BC942}") = "dnn_mmod_face_detection_ex", "demo\examples\dnn_mmod_face_detection_ex\dnn_mmod_face_detection_ex.vcxproj", "{FC64E57B-52F5-48CF-80DC-DD10B1E74093}"
EndProject
Project("{8BC9CEB8-8B4A-11D0-8D11-00A0C91BC942}") = "dnn_mmod_find_cars_ex", "demo\examples\dnn_mmod_find_cars_ex\dnn_mmod_find_cars_ex.vcxproj", "{D8EFC281-1775-49F8-9F21-C406C327E5EC}"
EndProject
Project("{8BC9CEB8-8B4A-11D0-8D11-00A0C91BC942}") = "dnn_mmod_find_cars2_ex", "demo\examples\dnn_mmod_find_cars2_ex\dnn_mmod_find_cars2_ex.vcxproj", "{621FFF7A-41A1-42A6-BA55-34C0CDFCEEE4}"
EndProject
Project("{8BC9CEB8-8B4A-11D0-8D11-00A0C91BC942}") = "dnn_mmod_train_find_cars_ex", "demo\examples\dnn_mmod_train_find_cars_ex\dnn_mmod_train_find_cars_ex.vcxproj", "{A75CBC7E-2864-4DC1-A3D3-B7AA56F03844}"
EndProject
Project("{8BC9CEB8-8B4A-11D0-8D11-00A0C91BC942}") = "dnn_self_supervised_learning_ex", "demo\examples\dnn_self_supervised_learning_ex\dnn_self_supervised_learning_ex.vcxproj", "{F87BF4FF-6E98-42DF-AF96-DD3FCD3EC1FF}"
EndProject
Project("{8BC9CEB8-8B4A-11D0-8D11-00A0C91BC942}") = "dnn_semantic_segmentation_ex", "demo\examples\dnn_semantic_segmentation_ex\dnn_semantic_segmentation_ex.vcxproj", "{C7B9F9EC-C608-42EA-959E-68E2184C7E4B}"
EndProject
Project("{8BC9CEB8-8B4A-11D0-8D11-00A0C91BC942}") = "dnn_semantic_segmentation_train_ex", "demo\examples\dnn_semantic_segmentation_train_ex\dnn_semantic_segmentation_train_ex.vcxproj", "{9D5BF7FA-B80E-412C-A06D-812D707C0321}"
EndProject
Project("{8BC9CEB8-8B4A-11D0-8D11-00A0C91BC942}") = "dnn_yolo_train_ex", "demo\examples\dnn_yolo_train_ex\dnn_yolo_train_ex.vcxproj", "{710CF031-8183-48F7-9095-DF110EE4F335}"
EndProject
Project("{8BC9CEB8-8B4A-11D0-8D11-00A0C91BC942}") = "empirical_kernel_map_ex", "demo\examples\empirical_kernel_map_ex\empirical_kernel_map_ex.vcxproj", "{078BCEFF-221D-4FD8-834A-D8E34BFFD07B}"
EndProject
Project("{8BC9CEB8-8B4A-11D0-8D11-00A0C91BC942}") = "face_detection_ex", "demo\examples\face_detection_ex\face_detection_ex.vcxproj", "{267C88B8-FF67-44E5-8F92-B7C23161F70B}"
EndProject
Project("{8BC9CEB8-8B4A-11D0-8D11-00A0C91BC942}") = "face_landmark_detection_ex", "demo\examples\face_landmark_detection_ex\face_landmark_detection_ex.vcxproj", "{F5A892C6-1D0D-489C-A6D1-4B5AE522B071}"
EndProject
Project("{8BC9CEB8-8B4A-11D0-8D11-00A0C91BC942}") = "fhog_ex", "demo\examples\fhog_ex\fhog_ex.vcxproj", "{1E9BF59A-B8DA-4B86-8CBB-ADBECE2FD3C0}"
EndProject
Project("{8BC9CEB8-8B4A-11D0-8D11-00A0C91BC942}") = "fhog_object_detector_ex", "demo\examples\fhog_object_detector_ex\fhog_object_detector_ex.vcxproj", "{FB079EDC-82E1-47A8-AFC3-1236239A5152}"
EndProject
Project("{8BC9CEB8-8B4A-11D0-8D11-00A0C91BC942}") = "file_to_code_ex", "demo\examples\file_to_code_ex\file_to_code_ex.vcxproj", "{47F3D934-7A48-4D3D-8D1E-65DF646A6DF0}"
EndProject
Project("{8BC9CEB8-8B4A-11D0-8D11-00A0C91BC942}") = "graph_labeling_ex", "demo\examples\graph_labeling_ex\graph_labeling_ex.vcxproj", "{67D63A49-FCE5-4FB1-B998-97DF36E8BC23}"
EndProject
Project("{8BC9CEB8-8B4A-11D0-8D11-00A0C91BC942}") = "gui_api_ex", "demo\examples\gui_api_ex\gui_api_ex.vcxproj", "{01B5F0F0-3529-46DF-BDA5-4E41E30C9B0F}"
EndProject
Project("{8BC9CEB8-8B4A-11D0-8D11-00A0C91BC942}") = "hough_transform_ex", "demo\examples\hough_transform_ex\hough_transform_ex.vcxproj", "{8E0CBA1C-3785-4DA1-B453-0085B6724E94}"
EndProject
Project("{8BC9CEB8-8B4A-11D0-8D11-00A0C91BC942}") = "image_ex", "demo\examples\image_ex\image_ex.vcxproj", "{B86C5BE9-44BE-45AA-AADF-920BC5993E6C}"
EndProject
Project("{8BC9CEB8-8B4A-11D0-8D11-00A0C91BC942}") = "integrate_function_adapt_simp_ex", "demo\examples\integrate_function_adapt_simp_ex\integrate_function_adapt_simp_ex.vcxproj", "{57CF462F-E2C6-49E6-B703-4F3DF7A2C314}"
EndProject
Project("{8BC9CEB8-8B4A-11D0-8D11-00A0C91BC942}") = "iosockstream_ex", "demo\examples\iosockstream_ex\iosockstream_ex.vcxproj", "{C4A79C0B-3B7A-45B3-9CC7-5E77C301D508}"
EndProject
Project("{8BC9CEB8-8B4A-11D0-8D11-00A0C91BC942}") = "kcentroid_ex", "demo\examples\kcentroid_ex\kcentroid_ex.vcxproj", "{CD756446-E987-4876-AF5D-5A0F95E056C8}"
EndProject
Project("{8BC9CEB8-8B4A-11D0-8D11-00A0C91BC942}") = "kkmeans_ex", "demo\examples\kkmeans_ex\kkmeans_ex.vcxproj", "{CA89AB1B-3BE1-45DF-A039-53C49015FC35}"
EndProject
Project("{8BC9CEB8-8B4A-11D0-8D11-00A0C91BC942}") = "krls_ex", "demo\examples\krls_ex\krls_ex.vcxproj", "{58062423-89C2-41DE-B685-E1D75D176A55}"
EndProject
Project("{8BC9CEB8-8B4A-11D0-8D11-00A0C91BC942}") = "krls_filter_ex", "demo\examples\krls_filter_ex\krls_filter_ex.vcxproj", "{45B351B0-18FA-49A4-AAFE-EA5EA240574A}"
EndProject
Project("{8BC9CEB8-8B4A-11D0-8D11-00A0C91BC942}") = "krr_classification_ex", "demo\examples\krr_classification_ex\krr_classification_ex.vcxproj", "{22A50BBB-4002-43F5-88CB-446DB5B80EC8}"
EndProject
Project("{8BC9CEB8-8B4A-11D0-8D11-00A0C91BC942}") = "krr_regression_ex", "demo\examples\krr_regression_ex\krr_regression_ex.vcxproj", "{64BA3874-815C-4571-86F4-49EE78BB8928}"
EndProject
Project("{8BC9CEB8-8B4A-11D0-8D11-00A0C91BC942}") = "learning_to_track_ex", "demo\examples\learning_to_track_ex\learning_to_track_ex.vcxproj", "{7568E324-2059-4790-B7BA-874BD7AC66D0}"
EndProject
Project("{8BC9CEB8-8B4A-11D0-8D11-00A0C91BC942}") = "least_squares_ex", "demo\examples\least_squares_ex\least_squares_ex.vcxproj", "{53023A27-2F19-4B3C-9735-8C9A9D18140A}"
EndProject
Project("{8BC9CEB8-8B4A-11D0-8D11-00A0C91BC942}") = "linear_manifold_regularizer_ex", "demo\examples\linear_manifold_regularizer_ex\linear_manifold_regularizer_ex.vcxproj", "{1C5F880D-1724-4F64-BDA4-9C3277C6BBD0}"
EndProject
Project("{8BC9CEB8-8B4A-11D0-8D11-00A0C91BC942}") = "logger_custom_output_ex", "demo\examples\logger_custom_output_ex\logger_custom_output_ex.vcxproj", "{D3A4E3A8-9832-4358-AE08-1828E56CE168}"
EndProject
Project("{8BC9CEB8-8B4A-11D0-8D11-00A0C91BC942}") = "logger_ex", "demo\examples\logger_ex\logger_ex.vcxproj", "{8B27178C-08A8-4F47-9DF3-32AF84AA702F}"
EndProject
Project("{8BC9CEB8-8B4A-11D0-8D11-00A0C91BC942}") = "logger_ex_2", "demo\examples\logger_ex_2\logger_ex_2.vcxproj", "{5865F70A-7B77-4C03-AF14-0ECB2C6D1262}"
EndProject
Project("{8BC9CEB8-8B4A-11D0-8D11-00A0C91BC942}") = "matrix_ex", "demo\examples\matrix_ex\matrix_ex.vcxproj", "{32EA52CF-68A4-4F36-ACCD-E2A67D4AD8FE}"
EndProject
Project("{8BC9CEB8-8B4A-11D0-8D11-00A0C91BC942}") = "matrix_expressions_ex", "demo\examples\matrix_expressions_ex\matrix_expressions_ex.vcxproj", "{CF2213D6-C699-4BE5-B2E8-72346F6C72A5}"
EndProject
Project("{8BC9CEB8-8B4A-11D0-8D11-00A0C91BC942}") = "max_cost_assignment_ex", "demo\examples\max_cost_assignment_ex\max_cost_assignment_ex.vcxproj", "{2E038E4D-94B0-4EFB-8C33-A79972D9BD0E}"
EndProject
Project("{8BC9CEB8-8B4A-11D0-8D11-00A0C91BC942}") = "member_function_pointer_ex", "demo\examples\member_function_pointer_ex\member_function_pointer_ex.vcxproj", "{515BA3B8-524C-483B-9B96-D8DE37523DB2}"
EndProject
Project("{8BC9CEB8-8B4A-11D0-8D11-00A0C91BC942}") = "mlp_ex", "demo\examples\mlp_ex\mlp_ex.vcxproj", "{89790431-F0FE-422C-B147-2A1246524F44}"
EndProject
Project("{8BC9CEB8-8B4A-11D0-8D11-00A0C91BC942}") = "model_selection_ex", "demo\examples\model_selection_ex\model_selection_ex.vcxproj", "{3C141E5F-023D-4C53-A277-6A6DAD23E41F}"
EndProject
Project("{8BC9CEB8-8B4A-11D0-8D11-00A0C91BC942}") = "mpc_ex", "demo\examples\mpc_ex\mpc_ex.vcxproj", "{DDB07777-9447-4A9F-BBF1-F2E1CBA08F7C}"
EndProject
Project("{8BC9CEB8-8B4A-11D0-8D11-00A0C91BC942}") = "multiclass_classification_ex", "demo\examples\multiclass_classification_ex\multiclass_classification_ex.vcxproj", "{87A56EAE-8786-45A4-ABE2-E3696C19159C}"
EndProject
Project("{8BC9CEB8-8B4A-11D0-8D11-00A0C91BC942}") = "multithreaded_object_ex", "demo\examples\multithreaded_object_ex\multithreaded_object_ex.vcxproj", "{6CD7234E-AB45-4136-B8CF-A7843F52BE3D}"
EndProject
Project("{8BC9CEB8-8B4A-11D0-8D11-00A0C91BC942}") = "object_detector_advanced_ex", "demo\examples\object_detector_advanced_ex\object_detector_advanced_ex.vcxproj", "{2884D7B8-CA63-4BF2-B766-3F3CE9D6EDBD}"
EndProject
Project("{8BC9CEB8-8B4A-11D0-8D11-00A0C91BC942}") = "object_detector_ex", "demo\examples\object_detector_ex\object_detector_ex.vcxproj", "{74689142-BB8D-4AFB-ACCF-A4D8EFD07389}"
EndProject
Project("{8BC9CEB8-8B4A-11D0-8D11-00A0C91BC942}") = "one_class_classifiers_ex", "demo\examples\one_class_classifiers_ex\one_class_classifiers_ex.vcxproj", "{DC783B2D-1A33-4DE0-A96C-943A37143F60}"
EndProject
Project("{8BC9CEB8-8B4A-11D0-8D11-00A0C91BC942}") = "optimization_ex", "demo\examples\optimization_ex\optimization_ex.vcxproj", "{DDA4C67C-D423-47E7-B7F8-95F8EE4AB546}"
EndProject
Project("{8BC9CEB8-8B4A-11D0-8D11-00A0C91BC942}") = "parallel_for_ex", "demo\examples\parallel_for_ex\parallel_for_ex.vcxproj", "{254B897A-EB06-4053-9065-B661907CB72D}"
EndProject
Project("{8BC9CEB8-8B4A-11D0-8D11-00A0C91BC942}") = "pipe_ex", "demo\examples\pipe_ex\pipe_ex.vcxproj", "{B735D261-432E-4895-96ED-16E759FBF3B2}"
EndProject
Project("{8BC9CEB8-8B4A-11D0-8D11-00A0C91BC942}") = "pipe_ex_2", "demo\examples\pipe_ex_2\pipe_ex_2.vcxproj", "{3C48B64B-D438-4C04-B020-67CD40943CBA}"
EndProject
Project("{8BC9CEB8-8B4A-11D0-8D11-00A0C91BC942}") = "quantum_computing_ex", "demo\examples\quantum_computing_ex\quantum_computing_ex.vcxproj", "{53F8CEEC-CCD2-4D71-BCAD-89FCF681EF81}"
EndProject
Project("{8BC9CEB8-8B4A-11D0-8D11-00A0C91BC942}") = "queue_ex", "demo\examples\queue_ex\queue_ex.vcxproj", "{500B5E3B-EC41-45B0-BDB8-10DDF82012F9}"
EndProject
Project("{8BC9CEB8-8B4A-11D0-8D11-00A0C91BC942}") = "random_cropper_ex", "demo\examples\random_cropper_ex\random_cropper_ex.vcxproj", "{633D267B-8EF9-4407-A764-CD2556369FC7}"
EndProject
Project("{8BC9CEB8-8B4A-11D0-8D11-00A0C91BC942}") = "rank_features_ex", "demo\examples\rank_features_ex\rank_features_ex.vcxproj", "{D1274510-4F26-4FA8-8A83-3994B06C9799}"
EndProject
Project("{8BC9CEB8-8B4A-11D0-8D11-00A0C91BC942}") = "running_stats_ex", "demo\examples\running_stats_ex\running_stats_ex.vcxproj", "{D1E77CD7-8273-44FE-A461-FED7BF4125C5}"
EndProject
Project("{8BC9CEB8-8B4A-11D0-8D11-00A0C91BC942}") = "rvm_ex", "demo\examples\rvm_ex\rvm_ex.vcxproj", "{5A9E08E7-B47A-4B9D-8841-03304BFCC96B}"
EndProject
Project("{8BC9CEB8-8B4A-11D0-8D11-00A0C91BC942}") = "rvm_regression_ex", "demo\examples\rvm_regression_ex\rvm_regression_ex.vcxproj", "{48D20069-4CC8-4DD4-8D6E-D9815589B52E}"
EndProject
Project("{8BC9CEB8-8B4A-11D0-8D11-00A0C91BC942}") = "sequence_labeler_ex", "demo\examples\sequence_labeler_ex\sequence_labeler_ex.vcxproj", "{1EF4A622-3F72-46C5-AF04-9872F949E9AD}"
EndProject
Project("{8BC9CEB8-8B4A-11D0-8D11-00A0C91BC942}") = "server_http_ex", "demo\examples\server_http_ex\server_http_ex.vcxproj", "{E951D449-E67B-457A-AE8D-3B444AC4A19D}"
EndProject
Project("{8BC9CEB8-8B4A-11D0-8D11-00A0C91BC942}") = "server_iostream_ex", "demo\examples\server_iostream_ex\server_iostream_ex.vcxproj", "{8FC12EFB-CAD5-474E-ACC5-8DEA97E58390}"
EndProject
Project("{8BC9CEB8-8B4A-11D0-8D11-00A0C91BC942}") = "sockets_ex", "demo\examples\sockets_ex\sockets_ex.vcxproj", "{DDD1E9F5-7F21-4C5F-9E57-B37F3AF017D6}"
EndProject
Project("{8BC9CEB8-8B4A-11D0-8D11-00A0C91BC942}") = "sockstreambuf_ex", "demo\examples\sockstreambuf_ex\sockstreambuf_ex.vcxproj", "{304AC37B-524B-4A33-9E65-37A81B898E29}"
EndProject
Project("{8BC9CEB8-8B4A-11D0-8D11-00A0C91BC942}") = "sqlite_ex", "demo\examples\sqlite_ex\sqlite_ex.vcxproj", "{3A1498F0-8472-4D5A-BE6E-DA61FF6B23DD}"
EndProject
Project("{8BC9CEB8-8B4A-11D0-8D11-00A0C91BC942}") = "std_allocator_ex", "demo\examples\std_allocator_ex\std_allocator_ex.vcxproj", "{E58D6AFB-09DC-410D-A791-A45D833FD8B7}"
EndProject
Project("{8BC9CEB8-8B4A-11D0-8D11-00A0C91BC942}") = "surf_ex", "demo\examples\surf_ex\surf_ex.vcxproj", "{E85C0CCB-F463-4AF1-8D81-793964C41133}"
EndProject
Project("{8BC9CEB8-8B4A-11D0-8D11-00A0C91BC942}") = "svm_c_ex", "demo\examples\svm_c_ex\svm_c_ex.vcxproj", "{32BE88B0-31A0-4EE2-A779-BD8E47C11A22}"
EndProject
Project("{8BC9CEB8-8B4A-11D0-8D11-00A0C91BC942}") = "svm_ex", "demo\examples\svm_ex\svm_ex.vcxproj", "{2346A0DB-A7B1-443B-AA51-991B49F51EEA}"
EndProject
Project("{8BC9CEB8-8B4A-11D0-8D11-00A0C91BC942}") = "svm_pegasos_ex", "demo\examples\svm_pegasos_ex\svm_pegasos_ex.vcxproj", "{5CCF4FDC-B3C2-4470-9E81-2B890183FCFA}"
EndProject
Project("{8BC9CEB8-8B4A-11D0-8D11-00A0C91BC942}") = "svm_rank_ex", "demo\examples\svm_rank_ex\svm_rank_ex.vcxproj", "{B00F8C2D-D67E-4C6E-B670-0BA3A0D9F93C}"
EndProject
Project("{8BC9CEB8-8B4A-11D0-8D11-00A0C91BC942}") = "svm_sparse_ex", "demo\examples\svm_sparse_ex\svm_sparse_ex.vcxproj", "{A04A6988-848F-4D7C-B6F1-082E9300BE8D}"
EndProject
Project("{8BC9CEB8-8B4A-11D0-8D11-00A0C91BC942}") = "svm_struct_ex", "demo\examples\svm_struct_ex\svm_struct_ex.vcxproj", "{A982B08C-A554-47E3-9940-4681B08A2EC6}"
EndProject
Project("{8BC9CEB8-8B4A-11D0-8D11-00A0C91BC942}") = "svr_ex", "demo\examples\svr_ex\svr_ex.vcxproj", "{F86F9B0D-47DC-4464-ADE2-219A8843B312}"
EndProject
Project("{8BC9CEB8-8B4A-11D0-8D11-00A0C91BC942}") = "thread_function_ex", "demo\examples\thread_function_ex\thread_function_ex.vcxproj", "{7BAF9B1F-1333-49B0-B5A1-DA150330680F}"
EndProject
Project("{8BC9CEB8-8B4A-11D0-8D11-00A0C91BC942}") = "thread_pool_ex", "demo\examples\thread_pool_ex\thread_pool_ex.vcxproj", "{D138CF17-0C4C-4B78-94B0-8A95E3B839A9}"
EndProject
Project("{8BC9CEB8-8B4A-11D0-8D11-00A0C91BC942}") = "threaded_object_ex", "demo\examples\threaded_object_ex\threaded_object_ex.vcxproj", "{97238F26-8AAF-4582-8223-497AA50E177C}"
EndProject
Project("{8BC9CEB8-8B4A-11D0-8D11-00A0C91BC942}") = "threads_ex", "demo\examples\threads_ex\threads_ex.vcxproj", "{7E8A4F66-44A2-48E1-BF73-99F235383973}"
EndProject
Project("{8BC9CEB8-8B4A-11D0-8D11-00A0C91BC942}") = "timer_ex", "demo\examples\timer_ex\timer_ex.vcxproj", "{29706945-B708-4A9F-999C-2D96E16C3864}"
EndProject
Project("{8BC9CEB8-8B4A-11D0-8D11-00A0C91BC942}") = "train_object_detector", "demo\examples\train_object_detector\train_object_detector.vcxproj", "{6ADC9E52-AF15-4810-B9BB-8BFCBCD10AA8}"
EndProject
Project("{8BC9CEB8-8B4A-11D0-8D11-00A0C91BC942}") = "train_shape_predictor_ex", "demo\examples\train_shape_predictor_ex\train_shape_predictor_ex.vcxproj", "{7CF7F04B-9A38-4D97-AB5D-4ADA8EC1F2B0}"
EndProject
Project("{8BC9CEB8-8B4A-11D0-8D11-00A0C91BC942}") = "using_custom_kernels_ex", "demo\examples\using_custom_kernels_ex\using_custom_kernels_ex.vcxproj", "{3C6882F9-C1D9-4C05-B55F-A61B7A60ACEF}"
EndProject
Project("{8BC9CEB8-8B4A-11D0-8D11-00A0C91BC942}") = "video_tracking_ex", "demo\examples\video_tracking_ex\video_tracking_ex.vcxproj", "{4C7167D5-140F-48FD-9640-BE91FB515439}"
EndProject
Project("{8BC9CEB8-8B4A-11D0-8D11-00A0C91BC942}") = "webcam_face_pose_ex", "demo\examples\webcam_face_pose_ex\webcam_face_pose_ex.vcxproj", "{C01578A0-7F3F-448E-8AA7-C0061E6F44B4}"
EndProject
Project("{8BC9CEB8-8B4A-11D0-8D11-00A0C91BC942}") = "xml_parser_ex", "demo\examples\xml_parser_ex\xml_parser_ex.vcxproj", "{17C464BB-A8DA-49FA-A018-3B345ECE5017}"
EndProject
Project("{8BC9CEB8-8B4A-11D0-8D11-00A0C91BC942}") = "libsqlite3", "thirdparty\sqlite-3.38.5\libsqlite3.vcxproj", "{A78DCBC4-077B-4884-A7F4-D9AF70EDB538}"
EndProject
Project("{2150E333-8FDC-42A3-9474-1A3956D46DE8}") = "tools", "tools", "{E374EF57-0C16-4BED-8B85-CCDCF42CC31B}"
EndProject
Project("{8BC9CEB8-8B4A-11D0-8D11-00A0C91BC942}") = "train_face_5point_model", "demo\tools\archive\train_face_5point_model.vcxproj", "{F8174831-166E-4E49-81EB-623F37B24CDC}"
EndProject
Project("{8BC9CEB8-8B4A-11D0-8D11-00A0C91BC942}") = "convert_dlib_nets_to_caffe", "demo\tools\convert_dlib_nets_to_caffe\convert_dlib_nets_to_caffe.vcxproj", "{DD51EDE6-5DB5-46BE-B252-F35BF752595A}"
EndProject
Project("{8BC9CEB8-8B4A-11D0-8D11-00A0C91BC942}") = "htmlify", "demo\tools\htmlify\htmlify.vcxproj", "{5BBCB18E-A425-4032-8B5F-9451BC197905}"
EndProject
Project("{8BC9CEB8-8B4A-11D0-8D11-00A0C91BC942}") = "imglab", "demo\tools\imglab\src\imglab.vcxproj", "{3214C3CF-9939-4B8B-8FA6-886A6493D400}"
EndProject
Project("{2150E333-8FDC-42A3-9474-1A3956D46DE8}") = "0_lib", "0_lib", "{641596B0-B9CE-44B5-ABDA-03C00DF844F2}"
EndProject
Project("{2150E333-8FDC-42A3-9474-1A3956D46DE8}") = "1_dll", "1_dll", "{99CC898A-9605-430E-806F-ECD7A1668289}"
EndProject
Project("{8BC9CEB8-8B4A-11D0-8D11-00A0C91BC942}") = "png", "thirdparty\png1637\png.vcxproj", "{26E8BE2A-9314-3B99-B5BB-542E9EDE99BF}"
EndProject
Project("{8BC9CEB8-8B4A-11D0-8D11-00A0C91BC942}") = "zlib", "thirdparty\zlib-1.2.12\zlib.vcxproj", "{A0AFD9EC-79C8-36CE-B0E8-1B7699B493C9}"
EndProject
Project("{8BC9CEB8-8B4A-11D0-8D11-00A0C91BC942}") = "libjpeg", "thirdparty\jpeg-9e\libjpeg.vcxproj", "{5969AB1D-3891-4E8F-91AD-DF4E5B0EBADF}"
EndProject
Global
	GlobalSection(SolutionConfigurationPlatforms) = preSolution
		Debug|x64 = Debug|x64
		Release|x64 = Release|x64
	EndGlobalSection
	GlobalSection(ProjectConfigurationPlatforms) = postSolution
		{6BE70CEE-071C-3C71-8442-32128E68B4DF}.Debug|x64.ActiveCfg = Debug|x64
		{6BE70CEE-071C-3C71-8442-32128E68B4DF}.Debug|x64.Build.0 = Debug|x64
		{6BE70CEE-071C-3C71-8442-32128E68B4DF}.Release|x64.ActiveCfg = Release|x64
		{6BE70CEE-071C-3C71-8442-32128E68B4DF}.Release|x64.Build.0 = Release|x64
		{35D987E7-D16B-30CD-B996-EDE88D82A45F}.Debug|x64.ActiveCfg = Debug|x64
		{35D987E7-D16B-30CD-B996-EDE88D82A45F}.Debug|x64.Build.0 = Debug|x64
		{35D987E7-D16B-30CD-B996-EDE88D82A45F}.Release|x64.ActiveCfg = Release|x64
		{35D987E7-D16B-30CD-B996-EDE88D82A45F}.Release|x64.Build.0 = Release|x64
		{98370A1A-2305-3AE1-8D6B-0841290DE59E}.Debug|x64.ActiveCfg = Debug|x64
		{98370A1A-2305-3AE1-8D6B-0841290DE59E}.Debug|x64.Build.0 = Debug|x64
		{98370A1A-2305-3AE1-8D6B-0841290DE59E}.Release|x64.ActiveCfg = Release|x64
		{98370A1A-2305-3AE1-8D6B-0841290DE59E}.Release|x64.Build.0 = Release|x64
		{30B09509-2893-3529-A441-F1C5EB136B61}.Debug|x64.ActiveCfg = Debug|x64
		{30B09509-2893-3529-A441-F1C5EB136B61}.Debug|x64.Build.0 = Debug|x64
		{30B09509-2893-3529-A441-F1C5EB136B61}.Release|x64.ActiveCfg = Release|x64
		{30B09509-2893-3529-A441-F1C5EB136B61}.Release|x64.Build.0 = Release|x64
		{3CFD8D3C-5D69-47BF-9E96-BCD6AC473C8C}.Debug|x64.ActiveCfg = Debug|x64
		{3CFD8D3C-5D69-47BF-9E96-BCD6AC473C8C}.Debug|x64.Build.0 = Debug|x64
		{3CFD8D3C-5D69-47BF-9E96-BCD6AC473C8C}.Release|x64.ActiveCfg = Release|x64
		{3CFD8D3C-5D69-47BF-9E96-BCD6AC473C8C}.Release|x64.Build.0 = Release|x64
		{0FEFB7B0-7BD1-4231-80AA-02A31BCB37C5}.Debug|x64.ActiveCfg = Debug|x64
		{0FEFB7B0-7BD1-4231-80AA-02A31BCB37C5}.Debug|x64.Build.0 = Debug|x64
		{0FEFB7B0-7BD1-4231-80AA-02A31BCB37C5}.Release|x64.ActiveCfg = Release|x64
		{0FEFB7B0-7BD1-4231-80AA-02A31BCB37C5}.Release|x64.Build.0 = Release|x64
		{35234C97-C35E-4234-8EC0-9A9D24CC0382}.Debug|x64.ActiveCfg = Debug|x64
		{35234C97-C35E-4234-8EC0-9A9D24CC0382}.Debug|x64.Build.0 = Debug|x64
		{35234C97-C35E-4234-8EC0-9A9D24CC0382}.Release|x64.ActiveCfg = Release|x64
		{35234C97-C35E-4234-8EC0-9A9D24CC0382}.Release|x64.Build.0 = Release|x64
		{555913B2-3EAD-40FF-B146-B0C55A140679}.Debug|x64.ActiveCfg = Debug|x64
		{555913B2-3EAD-40FF-B146-B0C55A140679}.Debug|x64.Build.0 = Debug|x64
		{555913B2-3EAD-40FF-B146-B0C55A140679}.Release|x64.ActiveCfg = Release|x64
		{555913B2-3EAD-40FF-B146-B0C55A140679}.Release|x64.Build.0 = Release|x64
		{8A50DC62-664A-4D8C-B1EB-24BF8FB0847E}.Debug|x64.ActiveCfg = Debug|x64
		{8A50DC62-664A-4D8C-B1EB-24BF8FB0847E}.Debug|x64.Build.0 = Debug|x64
		{8A50DC62-664A-4D8C-B1EB-24BF8FB0847E}.Release|x64.ActiveCfg = Release|x64
		{8A50DC62-664A-4D8C-B1EB-24BF8FB0847E}.Release|x64.Build.0 = Release|x64
		{B955A1F6-67D2-4C6D-9B69-00E2E3013F92}.Debug|x64.ActiveCfg = Debug|x64
		{B955A1F6-67D2-4C6D-9B69-00E2E3013F92}.Debug|x64.Build.0 = Debug|x64
		{B955A1F6-67D2-4C6D-9B69-00E2E3013F92}.Release|x64.ActiveCfg = Release|x64
		{B955A1F6-67D2-4C6D-9B69-00E2E3013F92}.Release|x64.Build.0 = Release|x64
		{0C33216A-39CC-4635-9E8C-79E53F3419CF}.Debug|x64.ActiveCfg = Debug|x64
		{0C33216A-39CC-4635-9E8C-79E53F3419CF}.Debug|x64.Build.0 = Debug|x64
		{0C33216A-39CC-4635-9E8C-79E53F3419CF}.Release|x64.ActiveCfg = Release|x64
		{0C33216A-39CC-4635-9E8C-79E53F3419CF}.Release|x64.Build.0 = Release|x64
		{627EAB97-5BDB-4A34-B77F-355A123B10A0}.Debug|x64.ActiveCfg = Debug|x64
		{627EAB97-5BDB-4A34-B77F-355A123B10A0}.Debug|x64.Build.0 = Debug|x64
		{627EAB97-5BDB-4A34-B77F-355A123B10A0}.Release|x64.ActiveCfg = Release|x64
		{627EAB97-5BDB-4A34-B77F-355A123B10A0}.Release|x64.Build.0 = Release|x64
		{84A5017E-5348-4042-8006-0F082BC8C6E6}.Debug|x64.ActiveCfg = Debug|x64
		{84A5017E-5348-4042-8006-0F082BC8C6E6}.Debug|x64.Build.0 = Debug|x64
		{84A5017E-5348-4042-8006-0F082BC8C6E6}.Release|x64.ActiveCfg = Release|x64
		{84A5017E-5348-4042-8006-0F082BC8C6E6}.Release|x64.Build.0 = Release|x64
		{2C3EEA3E-1842-45D4-A57B-BB10FE7ABEBD}.Debug|x64.ActiveCfg = Debug|x64
		{2C3EEA3E-1842-45D4-A57B-BB10FE7ABEBD}.Debug|x64.Build.0 = Debug|x64
		{2C3EEA3E-1842-45D4-A57B-BB10FE7ABEBD}.Release|x64.ActiveCfg = Release|x64
		{2C3EEA3E-1842-45D4-A57B-BB10FE7ABEBD}.Release|x64.Build.0 = Release|x64
		{BE2C0B0A-963E-4CEC-9C7C-B2A42F04866E}.Debug|x64.ActiveCfg = Debug|x64
		{BE2C0B0A-963E-4CEC-9C7C-B2A42F04866E}.Debug|x64.Build.0 = Debug|x64
		{BE2C0B0A-963E-4CEC-9C7C-B2A42F04866E}.Release|x64.ActiveCfg = Release|x64
		{BE2C0B0A-963E-4CEC-9C7C-B2A42F04866E}.Release|x64.Build.0 = Release|x64
		{7D855A07-C22C-4762-9D4A-684CED430A77}.Debug|x64.ActiveCfg = Debug|x64
		{7D855A07-C22C-4762-9D4A-684CED430A77}.Debug|x64.Build.0 = Debug|x64
		{7D855A07-C22C-4762-9D4A-684CED430A77}.Release|x64.ActiveCfg = Release|x64
		{7D855A07-C22C-4762-9D4A-684CED430A77}.Release|x64.Build.0 = Release|x64
		{7C46BB42-7490-4524-92AB-70A7C705DB9C}.Debug|x64.ActiveCfg = Debug|x64
		{7C46BB42-7490-4524-92AB-70A7C705DB9C}.Debug|x64.Build.0 = Debug|x64
		{7C46BB42-7490-4524-92AB-70A7C705DB9C}.Release|x64.ActiveCfg = Release|x64
		{7C46BB42-7490-4524-92AB-70A7C705DB9C}.Release|x64.Build.0 = Release|x64
		{66BAB606-04E5-41A5-802B-3EA639C8A9F8}.Debug|x64.ActiveCfg = Debug|x64
		{66BAB606-04E5-41A5-802B-3EA639C8A9F8}.Debug|x64.Build.0 = Debug|x64
		{66BAB606-04E5-41A5-802B-3EA639C8A9F8}.Release|x64.ActiveCfg = Release|x64
		{66BAB606-04E5-41A5-802B-3EA639C8A9F8}.Release|x64.Build.0 = Release|x64
		{3B86F54A-6FBB-4D9E-8A1A-5F71813AEDCB}.Debug|x64.ActiveCfg = Debug|x64
		{3B86F54A-6FBB-4D9E-8A1A-5F71813AEDCB}.Debug|x64.Build.0 = Debug|x64
		{3B86F54A-6FBB-4D9E-8A1A-5F71813AEDCB}.Release|x64.ActiveCfg = Release|x64
		{3B86F54A-6FBB-4D9E-8A1A-5F71813AEDCB}.Release|x64.Build.0 = Release|x64
		{2DC9A24A-E628-4BE0-A6AE-E906DD20160F}.Debug|x64.ActiveCfg = Debug|x64
		{2DC9A24A-E628-4BE0-A6AE-E906DD20160F}.Debug|x64.Build.0 = Debug|x64
		{2DC9A24A-E628-4BE0-A6AE-E906DD20160F}.Release|x64.ActiveCfg = Release|x64
		{2DC9A24A-E628-4BE0-A6AE-E906DD20160F}.Release|x64.Build.0 = Release|x64
		{EFAF98A5-AC3D-4E6B-BD66-425C232F8204}.Debug|x64.ActiveCfg = Debug|x64
		{EFAF98A5-AC3D-4E6B-BD66-425C232F8204}.Debug|x64.Build.0 = Debug|x64
		{EFAF98A5-AC3D-4E6B-BD66-425C232F8204}.Release|x64.ActiveCfg = Release|x64
		{EFAF98A5-AC3D-4E6B-BD66-425C232F8204}.Release|x64.Build.0 = Release|x64
		{3BCC0BFC-8A13-44FE-BFD5-8DEB14C727F7}.Debug|x64.ActiveCfg = Debug|x64
		{3BCC0BFC-8A13-44FE-BFD5-8DEB14C727F7}.Debug|x64.Build.0 = Debug|x64
		{3BCC0BFC-8A13-44FE-BFD5-8DEB14C727F7}.Release|x64.ActiveCfg = Release|x64
		{3BCC0BFC-8A13-44FE-BFD5-8DEB14C727F7}.Release|x64.Build.0 = Release|x64
		{A6294995-A5FC-4EC2-9EAE-35BD531D2A62}.Debug|x64.ActiveCfg = Debug|x64
		{A6294995-A5FC-4EC2-9EAE-35BD531D2A62}.Debug|x64.Build.0 = Debug|x64
		{A6294995-A5FC-4EC2-9EAE-35BD531D2A62}.Release|x64.ActiveCfg = Release|x64
		{A6294995-A5FC-4EC2-9EAE-35BD531D2A62}.Release|x64.Build.0 = Release|x64
		{3416DD29-28B5-4A4F-A9B9-2A853DBEF0BF}.Debug|x64.ActiveCfg = Debug|x64
		{3416DD29-28B5-4A4F-A9B9-2A853DBEF0BF}.Debug|x64.Build.0 = Debug|x64
		{3416DD29-28B5-4A4F-A9B9-2A853DBEF0BF}.Release|x64.ActiveCfg = Release|x64
		{3416DD29-28B5-4A4F-A9B9-2A853DBEF0BF}.Release|x64.Build.0 = Release|x64
		{1BAACAEC-1564-45A1-A737-1DF1ECE3207F}.Debug|x64.ActiveCfg = Debug|x64
		{1BAACAEC-1564-45A1-A737-1DF1ECE3207F}.Debug|x64.Build.0 = Debug|x64
		{1BAACAEC-1564-45A1-A737-1DF1ECE3207F}.Release|x64.ActiveCfg = Release|x64
		{1BAACAEC-1564-45A1-A737-1DF1ECE3207F}.Release|x64.Build.0 = Release|x64
		{9CAC4F9B-15A0-4EC5-B396-E4C4F568967A}.Debug|x64.ActiveCfg = Debug|x64
		{9CAC4F9B-15A0-4EC5-B396-E4C4F568967A}.Debug|x64.Build.0 = Debug|x64
		{9CAC4F9B-15A0-4EC5-B396-E4C4F568967A}.Release|x64.ActiveCfg = Release|x64
		{9CAC4F9B-15A0-4EC5-B396-E4C4F568967A}.Release|x64.Build.0 = Release|x64
		{23EE15F8-317D-4D88-9C6A-2AA2351BA162}.Debug|x64.ActiveCfg = Debug|x64
		{23EE15F8-317D-4D88-9C6A-2AA2351BA162}.Debug|x64.Build.0 = Debug|x64
		{23EE15F8-317D-4D88-9C6A-2AA2351BA162}.Release|x64.ActiveCfg = Release|x64
		{23EE15F8-317D-4D88-9C6A-2AA2351BA162}.Release|x64.Build.0 = Release|x64
		{C3A4E4E8-DC0C-4C14-9895-DD56D0E36952}.Debug|x64.ActiveCfg = Debug|x64
		{C3A4E4E8-DC0C-4C14-9895-DD56D0E36952}.Debug|x64.Build.0 = Debug|x64
		{C3A4E4E8-DC0C-4C14-9895-DD56D0E36952}.Release|x64.ActiveCfg = Release|x64
		{C3A4E4E8-DC0C-4C14-9895-DD56D0E36952}.Release|x64.Build.0 = Release|x64
		{6AB94989-89CE-4176-9CA6-D46533DC1F3A}.Debug|x64.ActiveCfg = Debug|x64
		{6AB94989-89CE-4176-9CA6-D46533DC1F3A}.Debug|x64.Build.0 = Debug|x64
		{6AB94989-89CE-4176-9CA6-D46533DC1F3A}.Release|x64.ActiveCfg = Release|x64
		{6AB94989-89CE-4176-9CA6-D46533DC1F3A}.Release|x64.Build.0 = Release|x64
		{FC64E57B-52F5-48CF-80DC-DD10B1E74093}.Debug|x64.ActiveCfg = Debug|x64
		{FC64E57B-52F5-48CF-80DC-DD10B1E74093}.Debug|x64.Build.0 = Debug|x64
		{FC64E57B-52F5-48CF-80DC-DD10B1E74093}.Release|x64.ActiveCfg = Release|x64
		{FC64E57B-52F5-48CF-80DC-DD10B1E74093}.Release|x64.Build.0 = Release|x64
		{D8EFC281-1775-49F8-9F21-C406C327E5EC}.Debug|x64.ActiveCfg = Debug|x64
		{D8EFC281-1775-49F8-9F21-C406C327E5EC}.Debug|x64.Build.0 = Debug|x64
		{D8EFC281-1775-49F8-9F21-C406C327E5EC}.Release|x64.ActiveCfg = Release|x64
		{D8EFC281-1775-49F8-9F21-C406C327E5EC}.Release|x64.Build.0 = Release|x64
		{621FFF7A-41A1-42A6-BA55-34C0CDFCEEE4}.Debug|x64.ActiveCfg = Debug|x64
		{621FFF7A-41A1-42A6-BA55-34C0CDFCEEE4}.Debug|x64.Build.0 = Debug|x64
		{621FFF7A-41A1-42A6-BA55-34C0CDFCEEE4}.Release|x64.ActiveCfg = Release|x64
		{621FFF7A-41A1-42A6-BA55-34C0CDFCEEE4}.Release|x64.Build.0 = Release|x64
		{A75CBC7E-2864-4DC1-A3D3-B7AA56F03844}.Debug|x64.ActiveCfg = Debug|x64
		{A75CBC7E-2864-4DC1-A3D3-B7AA56F03844}.Debug|x64.Build.0 = Debug|x64
		{A75CBC7E-2864-4DC1-A3D3-B7AA56F03844}.Release|x64.ActiveCfg = Release|x64
		{A75CBC7E-2864-4DC1-A3D3-B7AA56F03844}.Release|x64.Build.0 = Release|x64
		{F87BF4FF-6E98-42DF-AF96-DD3FCD3EC1FF}.Debug|x64.ActiveCfg = Debug|x64
		{F87BF4FF-6E98-42DF-AF96-DD3FCD3EC1FF}.Debug|x64.Build.0 = Debug|x64
		{F87BF4FF-6E98-42DF-AF96-DD3FCD3EC1FF}.Release|x64.ActiveCfg = Release|x64
		{F87BF4FF-6E98-42DF-AF96-DD3FCD3EC1FF}.Release|x64.Build.0 = Release|x64
		{C7B9F9EC-C608-42EA-959E-68E2184C7E4B}.Debug|x64.ActiveCfg = Debug|x64
		{C7B9F9EC-C608-42EA-959E-68E2184C7E4B}.Debug|x64.Build.0 = Debug|x64
		{C7B9F9EC-C608-42EA-959E-68E2184C7E4B}.Release|x64.ActiveCfg = Release|x64
		{C7B9F9EC-C608-42EA-959E-68E2184C7E4B}.Release|x64.Build.0 = Release|x64
		{9D5BF7FA-B80E-412C-A06D-812D707C0321}.Debug|x64.ActiveCfg = Debug|x64
		{9D5BF7FA-B80E-412C-A06D-812D707C0321}.Debug|x64.Build.0 = Debug|x64
		{9D5BF7FA-B80E-412C-A06D-812D707C0321}.Release|x64.ActiveCfg = Release|x64
		{9D5BF7FA-B80E-412C-A06D-812D707C0321}.Release|x64.Build.0 = Release|x64
		{710CF031-8183-48F7-9095-DF110EE4F335}.Debug|x64.ActiveCfg = Debug|x64
		{710CF031-8183-48F7-9095-DF110EE4F335}.Debug|x64.Build.0 = Debug|x64
		{710CF031-8183-48F7-9095-DF110EE4F335}.Release|x64.ActiveCfg = Release|x64
		{710CF031-8183-48F7-9095-DF110EE4F335}.Release|x64.Build.0 = Release|x64
		{078BCEFF-221D-4FD8-834A-D8E34BFFD07B}.Debug|x64.ActiveCfg = Debug|x64
		{078BCEFF-221D-4FD8-834A-D8E34BFFD07B}.Debug|x64.Build.0 = Debug|x64
		{078BCEFF-221D-4FD8-834A-D8E34BFFD07B}.Release|x64.ActiveCfg = Release|x64
		{078BCEFF-221D-4FD8-834A-D8E34BFFD07B}.Release|x64.Build.0 = Release|x64
		{267C88B8-FF67-44E5-8F92-B7C23161F70B}.Debug|x64.ActiveCfg = Debug|x64
		{267C88B8-FF67-44E5-8F92-B7C23161F70B}.Debug|x64.Build.0 = Debug|x64
		{267C88B8-FF67-44E5-8F92-B7C23161F70B}.Release|x64.ActiveCfg = Release|x64
		{267C88B8-FF67-44E5-8F92-B7C23161F70B}.Release|x64.Build.0 = Release|x64
		{F5A892C6-1D0D-489C-A6D1-4B5AE522B071}.Debug|x64.ActiveCfg = Debug|x64
		{F5A892C6-1D0D-489C-A6D1-4B5AE522B071}.Debug|x64.Build.0 = Debug|x64
		{F5A892C6-1D0D-489C-A6D1-4B5AE522B071}.Release|x64.ActiveCfg = Release|x64
		{F5A892C6-1D0D-489C-A6D1-4B5AE522B071}.Release|x64.Build.0 = Release|x64
		{1E9BF59A-B8DA-4B86-8CBB-ADBECE2FD3C0}.Debug|x64.ActiveCfg = Debug|x64
		{1E9BF59A-B8DA-4B86-8CBB-ADBECE2FD3C0}.Debug|x64.Build.0 = Debug|x64
		{1E9BF59A-B8DA-4B86-8CBB-ADBECE2FD3C0}.Release|x64.ActiveCfg = Release|x64
		{1E9BF59A-B8DA-4B86-8CBB-ADBECE2FD3C0}.Release|x64.Build.0 = Release|x64
		{FB079EDC-82E1-47A8-AFC3-1236239A5152}.Debug|x64.ActiveCfg = Debug|x64
		{FB079EDC-82E1-47A8-AFC3-1236239A5152}.Debug|x64.Build.0 = Debug|x64
		{FB079EDC-82E1-47A8-AFC3-1236239A5152}.Release|x64.ActiveCfg = Release|x64
		{FB079EDC-82E1-47A8-AFC3-1236239A5152}.Release|x64.Build.0 = Release|x64
		{47F3D934-7A48-4D3D-8D1E-65DF646A6DF0}.Debug|x64.ActiveCfg = Debug|x64
		{47F3D934-7A48-4D3D-8D1E-65DF646A6DF0}.Debug|x64.Build.0 = Debug|x64
		{47F3D934-7A48-4D3D-8D1E-65DF646A6DF0}.Release|x64.ActiveCfg = Release|x64
		{47F3D934-7A48-4D3D-8D1E-65DF646A6DF0}.Release|x64.Build.0 = Release|x64
		{67D63A49-FCE5-4FB1-B998-97DF36E8BC23}.Debug|x64.ActiveCfg = Debug|x64
		{67D63A49-FCE5-4FB1-B998-97DF36E8BC23}.Debug|x64.Build.0 = Debug|x64
		{67D63A49-FCE5-4FB1-B998-97DF36E8BC23}.Release|x64.ActiveCfg = Release|x64
		{67D63A49-FCE5-4FB1-B998-97DF36E8BC23}.Release|x64.Build.0 = Release|x64
		{01B5F0F0-3529-46DF-BDA5-4E41E30C9B0F}.Debug|x64.ActiveCfg = Debug|x64
		{01B5F0F0-3529-46DF-BDA5-4E41E30C9B0F}.Debug|x64.Build.0 = Debug|x64
		{01B5F0F0-3529-46DF-BDA5-4E41E30C9B0F}.Release|x64.ActiveCfg = Release|x64
		{01B5F0F0-3529-46DF-BDA5-4E41E30C9B0F}.Release|x64.Build.0 = Release|x64
		{8E0CBA1C-3785-4DA1-B453-0085B6724E94}.Debug|x64.ActiveCfg = Debug|x64
		{8E0CBA1C-3785-4DA1-B453-0085B6724E94}.Debug|x64.Build.0 = Debug|x64
		{8E0CBA1C-3785-4DA1-B453-0085B6724E94}.Release|x64.ActiveCfg = Release|x64
		{8E0CBA1C-3785-4DA1-B453-0085B6724E94}.Release|x64.Build.0 = Release|x64
		{B86C5BE9-44BE-45AA-AADF-920BC5993E6C}.Debug|x64.ActiveCfg = Debug|x64
		{B86C5BE9-44BE-45AA-AADF-920BC5993E6C}.Debug|x64.Build.0 = Debug|x64
		{B86C5BE9-44BE-45AA-AADF-920BC5993E6C}.Release|x64.ActiveCfg = Release|x64
		{B86C5BE9-44BE-45AA-AADF-920BC5993E6C}.Release|x64.Build.0 = Release|x64
		{57CF462F-E2C6-49E6-B703-4F3DF7A2C314}.Debug|x64.ActiveCfg = Debug|x64
		{57CF462F-E2C6-49E6-B703-4F3DF7A2C314}.Debug|x64.Build.0 = Debug|x64
		{57CF462F-E2C6-49E6-B703-4F3DF7A2C314}.Release|x64.ActiveCfg = Release|x64
		{57CF462F-E2C6-49E6-B703-4F3DF7A2C314}.Release|x64.Build.0 = Release|x64
		{C4A79C0B-3B7A-45B3-9CC7-5E77C301D508}.Debug|x64.ActiveCfg = Debug|x64
		{C4A79C0B-3B7A-45B3-9CC7-5E77C301D508}.Debug|x64.Build.0 = Debug|x64
		{C4A79C0B-3B7A-45B3-9CC7-5E77C301D508}.Release|x64.ActiveCfg = Release|x64
		{C4A79C0B-3B7A-45B3-9CC7-5E77C301D508}.Release|x64.Build.0 = Release|x64
		{CD756446-E987-4876-AF5D-5A0F95E056C8}.Debug|x64.ActiveCfg = Debug|x64
		{CD756446-E987-4876-AF5D-5A0F95E056C8}.Debug|x64.Build.0 = Debug|x64
		{CD756446-E987-4876-AF5D-5A0F95E056C8}.Release|x64.ActiveCfg = Release|x64
		{CD756446-E987-4876-AF5D-5A0F95E056C8}.Release|x64.Build.0 = Release|x64
		{CA89AB1B-3BE1-45DF-A039-53C49015FC35}.Debug|x64.ActiveCfg = Debug|x64
		{CA89AB1B-3BE1-45DF-A039-53C49015FC35}.Debug|x64.Build.0 = Debug|x64
		{CA89AB1B-3BE1-45DF-A039-53C49015FC35}.Release|x64.ActiveCfg = Release|x64
		{CA89AB1B-3BE1-45DF-A039-53C49015FC35}.Release|x64.Build.0 = Release|x64
		{58062423-89C2-41DE-B685-E1D75D176A55}.Debug|x64.ActiveCfg = Debug|x64
		{58062423-89C2-41DE-B685-E1D75D176A55}.Debug|x64.Build.0 = Debug|x64
		{58062423-89C2-41DE-B685-E1D75D176A55}.Release|x64.ActiveCfg = Release|x64
		{58062423-89C2-41DE-B685-E1D75D176A55}.Release|x64.Build.0 = Release|x64
		{45B351B0-18FA-49A4-AAFE-EA5EA240574A}.Debug|x64.ActiveCfg = Debug|x64
		{45B351B0-18FA-49A4-AAFE-EA5EA240574A}.Debug|x64.Build.0 = Debug|x64
		{45B351B0-18FA-49A4-AAFE-EA5EA240574A}.Release|x64.ActiveCfg = Release|x64
		{45B351B0-18FA-49A4-AAFE-EA5EA240574A}.Release|x64.Build.0 = Release|x64
		{22A50BBB-4002-43F5-88CB-446DB5B80EC8}.Debug|x64.ActiveCfg = Debug|x64
		{22A50BBB-4002-43F5-88CB-446DB5B80EC8}.Debug|x64.Build.0 = Debug|x64
		{22A50BBB-4002-43F5-88CB-446DB5B80EC8}.Release|x64.ActiveCfg = Release|x64
		{22A50BBB-4002-43F5-88CB-446DB5B80EC8}.Release|x64.Build.0 = Release|x64
		{64BA3874-815C-4571-86F4-49EE78BB8928}.Debug|x64.ActiveCfg = Debug|x64
		{64BA3874-815C-4571-86F4-49EE78BB8928}.Debug|x64.Build.0 = Debug|x64
		{64BA3874-815C-4571-86F4-49EE78BB8928}.Release|x64.ActiveCfg = Release|x64
		{64BA3874-815C-4571-86F4-49EE78BB8928}.Release|x64.Build.0 = Release|x64
		{7568E324-2059-4790-B7BA-874BD7AC66D0}.Debug|x64.ActiveCfg = Debug|x64
		{7568E324-2059-4790-B7BA-874BD7AC66D0}.Debug|x64.Build.0 = Debug|x64
		{7568E324-2059-4790-B7BA-874BD7AC66D0}.Release|x64.ActiveCfg = Release|x64
		{7568E324-2059-4790-B7BA-874BD7AC66D0}.Release|x64.Build.0 = Release|x64
		{53023A27-2F19-4B3C-9735-8C9A9D18140A}.Debug|x64.ActiveCfg = Debug|x64
		{53023A27-2F19-4B3C-9735-8C9A9D18140A}.Debug|x64.Build.0 = Debug|x64
		{53023A27-2F19-4B3C-9735-8C9A9D18140A}.Release|x64.ActiveCfg = Release|x64
		{53023A27-2F19-4B3C-9735-8C9A9D18140A}.Release|x64.Build.0 = Release|x64
		{1C5F880D-1724-4F64-BDA4-9C3277C6BBD0}.Debug|x64.ActiveCfg = Debug|x64
		{1C5F880D-1724-4F64-BDA4-9C3277C6BBD0}.Debug|x64.Build.0 = Debug|x64
		{1C5F880D-1724-4F64-BDA4-9C3277C6BBD0}.Release|x64.ActiveCfg = Release|x64
		{1C5F880D-1724-4F64-BDA4-9C3277C6BBD0}.Release|x64.Build.0 = Release|x64
		{D3A4E3A8-9832-4358-AE08-1828E56CE168}.Debug|x64.ActiveCfg = Debug|x64
		{D3A4E3A8-9832-4358-AE08-1828E56CE168}.Debug|x64.Build.0 = Debug|x64
		{D3A4E3A8-9832-4358-AE08-1828E56CE168}.Release|x64.ActiveCfg = Release|x64
		{D3A4E3A8-9832-4358-AE08-1828E56CE168}.Release|x64.Build.0 = Release|x64
		{8B27178C-08A8-4F47-9DF3-32AF84AA702F}.Debug|x64.ActiveCfg = Debug|x64
		{8B27178C-08A8-4F47-9DF3-32AF84AA702F}.Debug|x64.Build.0 = Debug|x64
		{8B27178C-08A8-4F47-9DF3-32AF84AA702F}.Release|x64.ActiveCfg = Release|x64
		{8B27178C-08A8-4F47-9DF3-32AF84AA702F}.Release|x64.Build.0 = Release|x64
		{5865F70A-7B77-4C03-AF14-0ECB2C6D1262}.Debug|x64.ActiveCfg = Debug|x64
		{5865F70A-7B77-4C03-AF14-0ECB2C6D1262}.Debug|x64.Build.0 = Debug|x64
		{5865F70A-7B77-4C03-AF14-0ECB2C6D1262}.Release|x64.ActiveCfg = Release|x64
		{5865F70A-7B77-4C03-AF14-0ECB2C6D1262}.Release|x64.Build.0 = Release|x64
		{32EA52CF-68A4-4F36-ACCD-E2A67D4AD8FE}.Debug|x64.ActiveCfg = Debug|x64
		{32EA52CF-68A4-4F36-ACCD-E2A67D4AD8FE}.Debug|x64.Build.0 = Debug|x64
		{32EA52CF-68A4-4F36-ACCD-E2A67D4AD8FE}.Release|x64.ActiveCfg = Release|x64
		{32EA52CF-68A4-4F36-ACCD-E2A67D4AD8FE}.Release|x64.Build.0 = Release|x64
		{CF2213D6-C699-4BE5-B2E8-72346F6C72A5}.Debug|x64.ActiveCfg = Debug|x64
		{CF2213D6-C699-4BE5-B2E8-72346F6C72A5}.Debug|x64.Build.0 = Debug|x64
		{CF2213D6-C699-4BE5-B2E8-72346F6C72A5}.Release|x64.ActiveCfg = Release|x64
		{CF2213D6-C699-4BE5-B2E8-72346F6C72A5}.Release|x64.Build.0 = Release|x64
		{2E038E4D-94B0-4EFB-8C33-A79972D9BD0E}.Debug|x64.ActiveCfg = Debug|x64
		{2E038E4D-94B0-4EFB-8C33-A79972D9BD0E}.Debug|x64.Build.0 = Debug|x64
		{2E038E4D-94B0-4EFB-8C33-A79972D9BD0E}.Release|x64.ActiveCfg = Release|x64
		{2E038E4D-94B0-4EFB-8C33-A79972D9BD0E}.Release|x64.Build.0 = Release|x64
		{515BA3B8-524C-483B-9B96-D8DE37523DB2}.Debug|x64.ActiveCfg = Debug|x64
		{515BA3B8-524C-483B-9B96-D8DE37523DB2}.Debug|x64.Build.0 = Debug|x64
		{515BA3B8-524C-483B-9B96-D8DE37523DB2}.Release|x64.ActiveCfg = Release|x64
		{515BA3B8-524C-483B-9B96-D8DE37523DB2}.Release|x64.Build.0 = Release|x64
		{89790431-F0FE-422C-B147-2A1246524F44}.Debug|x64.ActiveCfg = Debug|x64
		{89790431-F0FE-422C-B147-2A1246524F44}.Debug|x64.Build.0 = Debug|x64
		{89790431-F0FE-422C-B147-2A1246524F44}.Release|x64.ActiveCfg = Release|x64
		{89790431-F0FE-422C-B147-2A1246524F44}.Release|x64.Build.0 = Release|x64
		{3C141E5F-023D-4C53-A277-6A6DAD23E41F}.Debug|x64.ActiveCfg = Debug|x64
		{3C141E5F-023D-4C53-A277-6A6DAD23E41F}.Debug|x64.Build.0 = Debug|x64
		{3C141E5F-023D-4C53-A277-6A6DAD23E41F}.Release|x64.ActiveCfg = Release|x64
		{3C141E5F-023D-4C53-A277-6A6DAD23E41F}.Release|x64.Build.0 = Release|x64
		{DDB07777-9447-4A9F-BBF1-F2E1CBA08F7C}.Debug|x64.ActiveCfg = Debug|x64
		{DDB07777-9447-4A9F-BBF1-F2E1CBA08F7C}.Debug|x64.Build.0 = Debug|x64
		{DDB07777-9447-4A9F-BBF1-F2E1CBA08F7C}.Release|x64.ActiveCfg = Release|x64
		{DDB07777-9447-4A9F-BBF1-F2E1CBA08F7C}.Release|x64.Build.0 = Release|x64
		{87A56EAE-8786-45A4-ABE2-E3696C19159C}.Debug|x64.ActiveCfg = Debug|x64
		{87A56EAE-8786-45A4-ABE2-E3696C19159C}.Debug|x64.Build.0 = Debug|x64
		{87A56EAE-8786-45A4-ABE2-E3696C19159C}.Release|x64.ActiveCfg = Release|x64
		{87A56EAE-8786-45A4-ABE2-E3696C19159C}.Release|x64.Build.0 = Release|x64
		{6CD7234E-AB45-4136-B8CF-A7843F52BE3D}.Debug|x64.ActiveCfg = Debug|x64
		{6CD7234E-AB45-4136-B8CF-A7843F52BE3D}.Debug|x64.Build.0 = Debug|x64
		{6CD7234E-AB45-4136-B8CF-A7843F52BE3D}.Release|x64.ActiveCfg = Release|x64
		{6CD7234E-AB45-4136-B8CF-A7843F52BE3D}.Release|x64.Build.0 = Release|x64
		{2884D7B8-CA63-4BF2-B766-3F3CE9D6EDBD}.Debug|x64.ActiveCfg = Debug|x64
		{2884D7B8-CA63-4BF2-B766-3F3CE9D6EDBD}.Debug|x64.Build.0 = Debug|x64
		{2884D7B8-CA63-4BF2-B766-3F3CE9D6EDBD}.Release|x64.ActiveCfg = Release|x64
		{2884D7B8-CA63-4BF2-B766-3F3CE9D6EDBD}.Release|x64.Build.0 = Release|x64
		{74689142-BB8D-4AFB-ACCF-A4D8EFD07389}.Debug|x64.ActiveCfg = Debug|x64
		{74689142-BB8D-4AFB-ACCF-A4D8EFD07389}.Debug|x64.Build.0 = Debug|x64
		{74689142-BB8D-4AFB-ACCF-A4D8EFD07389}.Release|x64.ActiveCfg = Release|x64
		{74689142-BB8D-4AFB-ACCF-A4D8EFD07389}.Release|x64.Build.0 = Release|x64
		{DC783B2D-1A33-4DE0-A96C-943A37143F60}.Debug|x64.ActiveCfg = Debug|x64
		{DC783B2D-1A33-4DE0-A96C-943A37143F60}.Debug|x64.Build.0 = Debug|x64
		{DC783B2D-1A33-4DE0-A96C-943A37143F60}.Release|x64.ActiveCfg = Release|x64
		{DC783B2D-1A33-4DE0-A96C-943A37143F60}.Release|x64.Build.0 = Release|x64
		{DDA4C67C-D423-47E7-B7F8-95F8EE4AB546}.Debug|x64.ActiveCfg = Debug|x64
		{DDA4C67C-D423-47E7-B7F8-95F8EE4AB546}.Debug|x64.Build.0 = Debug|x64
		{DDA4C67C-D423-47E7-B7F8-95F8EE4AB546}.Release|x64.ActiveCfg = Release|x64
		{DDA4C67C-D423-47E7-B7F8-95F8EE4AB546}.Release|x64.Build.0 = Release|x64
		{254B897A-EB06-4053-9065-B661907CB72D}.Debug|x64.ActiveCfg = Debug|x64
		{254B897A-EB06-4053-9065-B661907CB72D}.Debug|x64.Build.0 = Debug|x64
		{254B897A-EB06-4053-9065-B661907CB72D}.Release|x64.ActiveCfg = Release|x64
		{254B897A-EB06-4053-9065-B661907CB72D}.Release|x64.Build.0 = Release|x64
		{B735D261-432E-4895-96ED-16E759FBF3B2}.Debug|x64.ActiveCfg = Debug|x64
		{B735D261-432E-4895-96ED-16E759FBF3B2}.Debug|x64.Build.0 = Debug|x64
		{B735D261-432E-4895-96ED-16E759FBF3B2}.Release|x64.ActiveCfg = Release|x64
		{B735D261-432E-4895-96ED-16E759FBF3B2}.Release|x64.Build.0 = Release|x64
		{3C48B64B-D438-4C04-B020-67CD40943CBA}.Debug|x64.ActiveCfg = Debug|x64
		{3C48B64B-D438-4C04-B020-67CD40943CBA}.Debug|x64.Build.0 = Debug|x64
		{3C48B64B-D438-4C04-B020-67CD40943CBA}.Release|x64.ActiveCfg = Release|x64
		{3C48B64B-D438-4C04-B020-67CD40943CBA}.Release|x64.Build.0 = Release|x64
		{53F8CEEC-CCD2-4D71-BCAD-89FCF681EF81}.Debug|x64.ActiveCfg = Debug|x64
		{53F8CEEC-CCD2-4D71-BCAD-89FCF681EF81}.Debug|x64.Build.0 = Debug|x64
		{53F8CEEC-CCD2-4D71-BCAD-89FCF681EF81}.Release|x64.ActiveCfg = Release|x64
		{53F8CEEC-CCD2-4D71-BCAD-89FCF681EF81}.Release|x64.Build.0 = Release|x64
		{500B5E3B-EC41-45B0-BDB8-10DDF82012F9}.Debug|x64.ActiveCfg = Debug|x64
		{500B5E3B-EC41-45B0-BDB8-10DDF82012F9}.Debug|x64.Build.0 = Debug|x64
		{500B5E3B-EC41-45B0-BDB8-10DDF82012F9}.Release|x64.ActiveCfg = Release|x64
		{500B5E3B-EC41-45B0-BDB8-10DDF82012F9}.Release|x64.Build.0 = Release|x64
		{633D267B-8EF9-4407-A764-CD2556369FC7}.Debug|x64.ActiveCfg = Debug|x64
		{633D267B-8EF9-4407-A764-CD2556369FC7}.Debug|x64.Build.0 = Debug|x64
		{633D267B-8EF9-4407-A764-CD2556369FC7}.Release|x64.ActiveCfg = Release|x64
		{633D267B-8EF9-4407-A764-CD2556369FC7}.Release|x64.Build.0 = Release|x64
		{D1274510-4F26-4FA8-8A83-3994B06C9799}.Debug|x64.ActiveCfg = Debug|x64
		{D1274510-4F26-4FA8-8A83-3994B06C9799}.Debug|x64.Build.0 = Debug|x64
		{D1274510-4F26-4FA8-8A83-3994B06C9799}.Release|x64.ActiveCfg = Release|x64
		{D1274510-4F26-4FA8-8A83-3994B06C9799}.Release|x64.Build.0 = Release|x64
		{D1E77CD7-8273-44FE-A461-FED7BF4125C5}.Debug|x64.ActiveCfg = Debug|x64
		{D1E77CD7-8273-44FE-A461-FED7BF4125C5}.Debug|x64.Build.0 = Debug|x64
		{D1E77CD7-8273-44FE-A461-FED7BF4125C5}.Release|x64.ActiveCfg = Release|x64
		{D1E77CD7-8273-44FE-A461-FED7BF4125C5}.Release|x64.Build.0 = Release|x64
		{5A9E08E7-B47A-4B9D-8841-03304BFCC96B}.Debug|x64.ActiveCfg = Debug|x64
		{5A9E08E7-B47A-4B9D-8841-03304BFCC96B}.Debug|x64.Build.0 = Debug|x64
		{5A9E08E7-B47A-4B9D-8841-03304BFCC96B}.Release|x64.ActiveCfg = Release|x64
		{5A9E08E7-B47A-4B9D-8841-03304BFCC96B}.Release|x64.Build.0 = Release|x64
		{48D20069-4CC8-4DD4-8D6E-D9815589B52E}.Debug|x64.ActiveCfg = Debug|x64
		{48D20069-4CC8-4DD4-8D6E-D9815589B52E}.Debug|x64.Build.0 = Debug|x64
		{48D20069-4CC8-4DD4-8D6E-D9815589B52E}.Release|x64.ActiveCfg = Release|x64
		{48D20069-4CC8-4DD4-8D6E-D9815589B52E}.Release|x64.Build.0 = Release|x64
		{1EF4A622-3F72-46C5-AF04-9872F949E9AD}.Debug|x64.ActiveCfg = Debug|x64
		{1EF4A622-3F72-46C5-AF04-9872F949E9AD}.Debug|x64.Build.0 = Debug|x64
		{1EF4A622-3F72-46C5-AF04-9872F949E9AD}.Release|x64.ActiveCfg = Release|x64
		{1EF4A622-3F72-46C5-AF04-9872F949E9AD}.Release|x64.Build.0 = Release|x64
		{E951D449-E67B-457A-AE8D-3B444AC4A19D}.Debug|x64.ActiveCfg = Debug|x64
		{E951D449-E67B-457A-AE8D-3B444AC4A19D}.Debug|x64.Build.0 = Debug|x64
		{E951D449-E67B-457A-AE8D-3B444AC4A19D}.Release|x64.ActiveCfg = Release|x64
		{E951D449-E67B-457A-AE8D-3B444AC4A19D}.Release|x64.Build.0 = Release|x64
		{8FC12EFB-CAD5-474E-ACC5-8DEA97E58390}.Debug|x64.ActiveCfg = Debug|x64
		{8FC12EFB-CAD5-474E-ACC5-8DEA97E58390}.Debug|x64.Build.0 = Debug|x64
		{8FC12EFB-CAD5-474E-ACC5-8DEA97E58390}.Release|x64.ActiveCfg = Release|x64
		{8FC12EFB-CAD5-474E-ACC5-8DEA97E58390}.Release|x64.Build.0 = Release|x64
		{DDD1E9F5-7F21-4C5F-9E57-B37F3AF017D6}.Debug|x64.ActiveCfg = Debug|x64
		{DDD1E9F5-7F21-4C5F-9E57-B37F3AF017D6}.Debug|x64.Build.0 = Debug|x64
		{DDD1E9F5-7F21-4C5F-9E57-B37F3AF017D6}.Release|x64.ActiveCfg = Release|x64
		{DDD1E9F5-7F21-4C5F-9E57-B37F3AF017D6}.Release|x64.Build.0 = Release|x64
		{304AC37B-524B-4A33-9E65-37A81B898E29}.Debug|x64.ActiveCfg = Debug|x64
		{304AC37B-524B-4A33-9E65-37A81B898E29}.Debug|x64.Build.0 = Debug|x64
		{304AC37B-524B-4A33-9E65-37A81B898E29}.Release|x64.ActiveCfg = Release|x64
		{304AC37B-524B-4A33-9E65-37A81B898E29}.Release|x64.Build.0 = Release|x64
		{3A1498F0-8472-4D5A-BE6E-DA61FF6B23DD}.Debug|x64.ActiveCfg = Debug|x64
		{3A1498F0-8472-4D5A-BE6E-DA61FF6B23DD}.Debug|x64.Build.0 = Debug|x64
		{3A1498F0-8472-4D5A-BE6E-DA61FF6B23DD}.Release|x64.ActiveCfg = Release|x64
		{3A1498F0-8472-4D5A-BE6E-DA61FF6B23DD}.Release|x64.Build.0 = Release|x64
		{E58D6AFB-09DC-410D-A791-A45D833FD8B7}.Debug|x64.ActiveCfg = Debug|x64
		{E58D6AFB-09DC-410D-A791-A45D833FD8B7}.Debug|x64.Build.0 = Debug|x64
		{E58D6AFB-09DC-410D-A791-A45D833FD8B7}.Release|x64.ActiveCfg = Release|x64
		{E58D6AFB-09DC-410D-A791-A45D833FD8B7}.Release|x64.Build.0 = Release|x64
		{E85C0CCB-F463-4AF1-8D81-793964C41133}.Debug|x64.ActiveCfg = Debug|x64
		{E85C0CCB-F463-4AF1-8D81-793964C41133}.Debug|x64.Build.0 = Debug|x64
		{E85C0CCB-F463-4AF1-8D81-793964C41133}.Release|x64.ActiveCfg = Release|x64
		{E85C0CCB-F463-4AF1-8D81-793964C41133}.Release|x64.Build.0 = Release|x64
		{32BE88B0-31A0-4EE2-A779-BD8E47C11A22}.Debug|x64.ActiveCfg = Debug|x64
		{32BE88B0-31A0-4EE2-A779-BD8E47C11A22}.Debug|x64.Build.0 = Debug|x64
		{32BE88B0-31A0-4EE2-A779-BD8E47C11A22}.Release|x64.ActiveCfg = Release|x64
		{32BE88B0-31A0-4EE2-A779-BD8E47C11A22}.Release|x64.Build.0 = Release|x64
		{2346A0DB-A7B1-443B-AA51-991B49F51EEA}.Debug|x64.ActiveCfg = Debug|x64
		{2346A0DB-A7B1-443B-AA51-991B49F51EEA}.Debug|x64.Build.0 = Debug|x64
		{2346A0DB-A7B1-443B-AA51-991B49F51EEA}.Release|x64.ActiveCfg = Release|x64
		{2346A0DB-A7B1-443B-AA51-991B49F51EEA}.Release|x64.Build.0 = Release|x64
		{5CCF4FDC-B3C2-4470-9E81-2B890183FCFA}.Debug|x64.ActiveCfg = Debug|x64
		{5CCF4FDC-B3C2-4470-9E81-2B890183FCFA}.Debug|x64.Build.0 = Debug|x64
		{5CCF4FDC-B3C2-4470-9E81-2B890183FCFA}.Release|x64.ActiveCfg = Release|x64
		{5CCF4FDC-B3C2-4470-9E81-2B890183FCFA}.Release|x64.Build.0 = Release|x64
		{B00F8C2D-D67E-4C6E-B670-0BA3A0D9F93C}.Debug|x64.ActiveCfg = Debug|x64
		{B00F8C2D-D67E-4C6E-B670-0BA3A0D9F93C}.Debug|x64.Build.0 = Debug|x64
		{B00F8C2D-D67E-4C6E-B670-0BA3A0D9F93C}.Release|x64.ActiveCfg = Release|x64
		{B00F8C2D-D67E-4C6E-B670-0BA3A0D9F93C}.Release|x64.Build.0 = Release|x64
		{A04A6988-848F-4D7C-B6F1-082E9300BE8D}.Debug|x64.ActiveCfg = Debug|x64
		{A04A6988-848F-4D7C-B6F1-082E9300BE8D}.Debug|x64.Build.0 = Debug|x64
		{A04A6988-848F-4D7C-B6F1-082E9300BE8D}.Release|x64.ActiveCfg = Release|x64
		{A04A6988-848F-4D7C-B6F1-082E9300BE8D}.Release|x64.Build.0 = Release|x64
		{A982B08C-A554-47E3-9940-4681B08A2EC6}.Debug|x64.ActiveCfg = Debug|x64
		{A982B08C-A554-47E3-9940-4681B08A2EC6}.Debug|x64.Build.0 = Debug|x64
		{A982B08C-A554-47E3-9940-4681B08A2EC6}.Release|x64.ActiveCfg = Release|x64
		{A982B08C-A554-47E3-9940-4681B08A2EC6}.Release|x64.Build.0 = Release|x64
		{F86F9B0D-47DC-4464-ADE2-219A8843B312}.Debug|x64.ActiveCfg = Debug|x64
		{F86F9B0D-47DC-4464-ADE2-219A8843B312}.Debug|x64.Build.0 = Debug|x64
		{F86F9B0D-47DC-4464-ADE2-219A8843B312}.Release|x64.ActiveCfg = Release|x64
		{F86F9B0D-47DC-4464-ADE2-219A8843B312}.Release|x64.Build.0 = Release|x64
		{7BAF9B1F-1333-49B0-B5A1-DA150330680F}.Debug|x64.ActiveCfg = Debug|x64
		{7BAF9B1F-1333-49B0-B5A1-DA150330680F}.Debug|x64.Build.0 = Debug|x64
		{7BAF9B1F-1333-49B0-B5A1-DA150330680F}.Release|x64.ActiveCfg = Release|x64
		{7BAF9B1F-1333-49B0-B5A1-DA150330680F}.Release|x64.Build.0 = Release|x64
		{D138CF17-0C4C-4B78-94B0-8A95E3B839A9}.Debug|x64.ActiveCfg = Debug|x64
		{D138CF17-0C4C-4B78-94B0-8A95E3B839A9}.Debug|x64.Build.0 = Debug|x64
		{D138CF17-0C4C-4B78-94B0-8A95E3B839A9}.Release|x64.ActiveCfg = Release|x64
		{D138CF17-0C4C-4B78-94B0-8A95E3B839A9}.Release|x64.Build.0 = Release|x64
		{97238F26-8AAF-4582-8223-497AA50E177C}.Debug|x64.ActiveCfg = Debug|x64
		{97238F26-8AAF-4582-8223-497AA50E177C}.Debug|x64.Build.0 = Debug|x64
		{97238F26-8AAF-4582-8223-497AA50E177C}.Release|x64.ActiveCfg = Release|x64
		{97238F26-8AAF-4582-8223-497AA50E177C}.Release|x64.Build.0 = Release|x64
		{7E8A4F66-44A2-48E1-BF73-99F235383973}.Debug|x64.ActiveCfg = Debug|x64
		{7E8A4F66-44A2-48E1-BF73-99F235383973}.Debug|x64.Build.0 = Debug|x64
		{7E8A4F66-44A2-48E1-BF73-99F235383973}.Release|x64.ActiveCfg = Release|x64
		{7E8A4F66-44A2-48E1-BF73-99F235383973}.Release|x64.Build.0 = Release|x64
		{29706945-B708-4A9F-999C-2D96E16C3864}.Debug|x64.ActiveCfg = Debug|x64
		{29706945-B708-4A9F-999C-2D96E16C3864}.Debug|x64.Build.0 = Debug|x64
		{29706945-B708-4A9F-999C-2D96E16C3864}.Release|x64.ActiveCfg = Release|x64
		{29706945-B708-4A9F-999C-2D96E16C3864}.Release|x64.Build.0 = Release|x64
		{6ADC9E52-AF15-4810-B9BB-8BFCBCD10AA8}.Debug|x64.ActiveCfg = Debug|x64
		{6ADC9E52-AF15-4810-B9BB-8BFCBCD10AA8}.Debug|x64.Build.0 = Debug|x64
		{6ADC9E52-AF15-4810-B9BB-8BFCBCD10AA8}.Release|x64.ActiveCfg = Release|x64
		{6ADC9E52-AF15-4810-B9BB-8BFCBCD10AA8}.Release|x64.Build.0 = Release|x64
		{7CF7F04B-9A38-4D97-AB5D-4ADA8EC1F2B0}.Debug|x64.ActiveCfg = Debug|x64
		{7CF7F04B-9A38-4D97-AB5D-4ADA8EC1F2B0}.Debug|x64.Build.0 = Debug|x64
		{7CF7F04B-9A38-4D97-AB5D-4ADA8EC1F2B0}.Release|x64.ActiveCfg = Release|x64
		{7CF7F04B-9A38-4D97-AB5D-4ADA8EC1F2B0}.Release|x64.Build.0 = Release|x64
		{3C6882F9-C1D9-4C05-B55F-A61B7A60ACEF}.Debug|x64.ActiveCfg = Debug|x64
		{3C6882F9-C1D9-4C05-B55F-A61B7A60ACEF}.Debug|x64.Build.0 = Debug|x64
		{3C6882F9-C1D9-4C05-B55F-A61B7A60ACEF}.Release|x64.ActiveCfg = Release|x64
		{3C6882F9-C1D9-4C05-B55F-A61B7A60ACEF}.Release|x64.Build.0 = Release|x64
		{4C7167D5-140F-48FD-9640-BE91FB515439}.Debug|x64.ActiveCfg = Debug|x64
		{4C7167D5-140F-48FD-9640-BE91FB515439}.Debug|x64.Build.0 = Debug|x64
		{4C7167D5-140F-48FD-9640-BE91FB515439}.Release|x64.ActiveCfg = Release|x64
		{4C7167D5-140F-48FD-9640-BE91FB515439}.Release|x64.Build.0 = Release|x64
		{C01578A0-7F3F-448E-8AA7-C0061E6F44B4}.Debug|x64.ActiveCfg = Debug|x64
		{C01578A0-7F3F-448E-8AA7-C0061E6F44B4}.Debug|x64.Build.0 = Debug|x64
		{C01578A0-7F3F-448E-8AA7-C0061E6F44B4}.Release|x64.ActiveCfg = Release|x64
		{C01578A0-7F3F-448E-8AA7-C0061E6F44B4}.Release|x64.Build.0 = Release|x64
		{17C464BB-A8DA-49FA-A018-3B345ECE5017}.Debug|x64.ActiveCfg = Debug|x64
		{17C464BB-A8DA-49FA-A018-3B345ECE5017}.Debug|x64.Build.0 = Debug|x64
		{17C464BB-A8DA-49FA-A018-3B345ECE5017}.Release|x64.ActiveCfg = Release|x64
		{17C464BB-A8DA-49FA-A018-3B345ECE5017}.Release|x64.Build.0 = Release|x64
		{A78DCBC4-077B-4884-A7F4-D9AF70EDB538}.Debug|x64.ActiveCfg = Debug|x64
		{A78DCBC4-077B-4884-A7F4-D9AF70EDB538}.Debug|x64.Build.0 = Debug|x64
		{A78DCBC4-077B-4884-A7F4-D9AF70EDB538}.Release|x64.ActiveCfg = Release|x64
		{A78DCBC4-077B-4884-A7F4-D9AF70EDB538}.Release|x64.Build.0 = Release|x64
		{F8174831-166E-4E49-81EB-623F37B24CDC}.Debug|x64.ActiveCfg = Debug|x64
		{F8174831-166E-4E49-81EB-623F37B24CDC}.Debug|x64.Build.0 = Debug|x64
		{F8174831-166E-4E49-81EB-623F37B24CDC}.Release|x64.ActiveCfg = Release|x64
		{F8174831-166E-4E49-81EB-623F37B24CDC}.Release|x64.Build.0 = Release|x64
		{DD51EDE6-5DB5-46BE-B252-F35BF752595A}.Debug|x64.ActiveCfg = Debug|x64
		{DD51EDE6-5DB5-46BE-B252-F35BF752595A}.Debug|x64.Build.0 = Debug|x64
		{DD51EDE6-5DB5-46BE-B252-F35BF752595A}.Release|x64.ActiveCfg = Release|x64
		{DD51EDE6-5DB5-46BE-B252-F35BF752595A}.Release|x64.Build.0 = Release|x64
		{5BBCB18E-A425-4032-8B5F-9451BC197905}.Debug|x64.ActiveCfg = Debug|x64
		{5BBCB18E-A425-4032-8B5F-9451BC197905}.Debug|x64.Build.0 = Debug|x64
		{5BBCB18E-A425-4032-8B5F-9451BC197905}.Release|x64.ActiveCfg = Release|x64
		{5BBCB18E-A425-4032-8B5F-9451BC197905}.Release|x64.Build.0 = Release|x64
		{3214C3CF-9939-4B8B-8FA6-886A6493D400}.Debug|x64.ActiveCfg = Debug|x64
		{3214C3CF-9939-4B8B-8FA6-886A6493D400}.Debug|x64.Build.0 = Debug|x64
		{3214C3CF-9939-4B8B-8FA6-886A6493D400}.Release|x64.ActiveCfg = Release|x64
		{3214C3CF-9939-4B8B-8FA6-886A6493D400}.Release|x64.Build.0 = Release|x64
		{26E8BE2A-9314-3B99-B5BB-542E9EDE99BF}.Debug|x64.ActiveCfg = Debug|x64
		{26E8BE2A-9314-3B99-B5BB-542E9EDE99BF}.Debug|x64.Build.0 = Debug|x64
		{26E8BE2A-9314-3B99-B5BB-542E9EDE99BF}.Release|x64.ActiveCfg = Release|x64
		{26E8BE2A-9314-3B99-B5BB-542E9EDE99BF}.Release|x64.Build.0 = Release|x64
		{A0AFD9EC-79C8-36CE-B0E8-1B7699B493C9}.Debug|x64.ActiveCfg = Debug|x64
		{A0AFD9EC-79C8-36CE-B0E8-1B7699B493C9}.Debug|x64.Build.0 = Debug|x64
		{A0AFD9EC-79C8-36CE-B0E8-1B7699B493C9}.Release|x64.ActiveCfg = Release|x64
		{A0AFD9EC-79C8-36CE-B0E8-1B7699B493C9}.Release|x64.Build.0 = Release|x64
		{5969AB1D-3891-4E8F-91AD-DF4E5B0EBADF}.Debug|x64.ActiveCfg = Debug|x64
		{5969AB1D-3891-4E8F-91AD-DF4E5B0EBADF}.Debug|x64.Build.0 = Debug|x64
		{5969AB1D-3891-4E8F-91AD-DF4E5B0EBADF}.Release|x64.ActiveCfg = Release|x64
		{5969AB1D-3891-4E8F-91AD-DF4E5B0EBADF}.Release|x64.Build.0 = Release|x64
	EndGlobalSection
	GlobalSection(SolutionProperties) = preSolution
		HideSolutionNode = FALSE
	EndGlobalSection
	GlobalSection(NestedProjects) = preSolution
		{6BE70CEE-071C-3C71-8442-32128E68B4DF} = {641596B0-B9CE-44B5-ABDA-03C00DF844F2}
		{D1911204-BC80-439C-BFD1-3852F51DEE8F} = {A6F2B5BD-9D43-4004-BC36-E669EF76FEDA}
		{35D987E7-D16B-30CD-B996-EDE88D82A45F} = {D1911204-BC80-439C-BFD1-3852F51DEE8F}
		{98370A1A-2305-3AE1-8D6B-0841290DE59E} = {641596B0-B9CE-44B5-ABDA-03C00DF844F2}
		{30B09509-2893-3529-A441-F1C5EB136B61} = {641596B0-B9CE-44B5-ABDA-03C00DF844F2}
		{1C6C1B4A-4D25-47A2-AD09-6D2DF1A38D04} = {A6F2B5BD-9D43-4004-BC36-E669EF76FEDA}
		{3CFD8D3C-5D69-47BF-9E96-BCD6AC473C8C} = {1C6C1B4A-4D25-47A2-AD09-6D2DF1A38D04}
		{0FEFB7B0-7BD1-4231-80AA-02A31BCB37C5} = {1C6C1B4A-4D25-47A2-AD09-6D2DF1A38D04}
		{35234C97-C35E-4234-8EC0-9A9D24CC0382} = {1C6C1B4A-4D25-47A2-AD09-6D2DF1A38D04}
		{555913B2-3EAD-40FF-B146-B0C55A140679} = {1C6C1B4A-4D25-47A2-AD09-6D2DF1A38D04}
		{8A50DC62-664A-4D8C-B1EB-24BF8FB0847E} = {1C6C1B4A-4D25-47A2-AD09-6D2DF1A38D04}
		{B955A1F6-67D2-4C6D-9B69-00E2E3013F92} = {1C6C1B4A-4D25-47A2-AD09-6D2DF1A38D04}
		{0C33216A-39CC-4635-9E8C-79E53F3419CF} = {1C6C1B4A-4D25-47A2-AD09-6D2DF1A38D04}
		{627EAB97-5BDB-4A34-B77F-355A123B10A0} = {1C6C1B4A-4D25-47A2-AD09-6D2DF1A38D04}
		{84A5017E-5348-4042-8006-0F082BC8C6E6} = {1C6C1B4A-4D25-47A2-AD09-6D2DF1A38D04}
		{2C3EEA3E-1842-45D4-A57B-BB10FE7ABEBD} = {1C6C1B4A-4D25-47A2-AD09-6D2DF1A38D04}
		{BE2C0B0A-963E-4CEC-9C7C-B2A42F04866E} = {1C6C1B4A-4D25-47A2-AD09-6D2DF1A38D04}
		{7D855A07-C22C-4762-9D4A-684CED430A77} = {1C6C1B4A-4D25-47A2-AD09-6D2DF1A38D04}
		{7C46BB42-7490-4524-92AB-70A7C705DB9C} = {1C6C1B4A-4D25-47A2-AD09-6D2DF1A38D04}
		{66BAB606-04E5-41A5-802B-3EA639C8A9F8} = {1C6C1B4A-4D25-47A2-AD09-6D2DF1A38D04}
		{3B86F54A-6FBB-4D9E-8A1A-5F71813AEDCB} = {1C6C1B4A-4D25-47A2-AD09-6D2DF1A38D04}
		{2DC9A24A-E628-4BE0-A6AE-E906DD20160F} = {1C6C1B4A-4D25-47A2-AD09-6D2DF1A38D04}
		{EFAF98A5-AC3D-4E6B-BD66-425C232F8204} = {1C6C1B4A-4D25-47A2-AD09-6D2DF1A38D04}
		{3BCC0BFC-8A13-44FE-BFD5-8DEB14C727F7} = {1C6C1B4A-4D25-47A2-AD09-6D2DF1A38D04}
		{A6294995-A5FC-4EC2-9EAE-35BD531D2A62} = {1C6C1B4A-4D25-47A2-AD09-6D2DF1A38D04}
		{3416DD29-28B5-4A4F-A9B9-2A853DBEF0BF} = {1C6C1B4A-4D25-47A2-AD09-6D2DF1A38D04}
		{1BAACAEC-1564-45A1-A737-1DF1ECE3207F} = {1C6C1B4A-4D25-47A2-AD09-6D2DF1A38D04}
		{9CAC4F9B-15A0-4EC5-B396-E4C4F568967A} = {1C6C1B4A-4D25-47A2-AD09-6D2DF1A38D04}
		{23EE15F8-317D-4D88-9C6A-2AA2351BA162} = {1C6C1B4A-4D25-47A2-AD09-6D2DF1A38D04}
		{C3A4E4E8-DC0C-4C14-9895-DD56D0E36952} = {1C6C1B4A-4D25-47A2-AD09-6D2DF1A38D04}
		{6AB94989-89CE-4176-9CA6-D46533DC1F3A} = {1C6C1B4A-4D25-47A2-AD09-6D2DF1A38D04}
		{FC64E57B-52F5-48CF-80DC-DD10B1E74093} = {1C6C1B4A-4D25-47A2-AD09-6D2DF1A38D04}
		{D8EFC281-1775-49F8-9F21-C406C327E5EC} = {1C6C1B4A-4D25-47A2-AD09-6D2DF1A38D04}
		{621FFF7A-41A1-42A6-BA55-34C0CDFCEEE4} = {1C6C1B4A-4D25-47A2-AD09-6D2DF1A38D04}
		{A75CBC7E-2864-4DC1-A3D3-B7AA56F03844} = {1C6C1B4A-4D25-47A2-AD09-6D2DF1A38D04}
		{F87BF4FF-6E98-42DF-AF96-DD3FCD3EC1FF} = {1C6C1B4A-4D25-47A2-AD09-6D2DF1A38D04}
		{C7B9F9EC-C608-42EA-959E-68E2184C7E4B} = {1C6C1B4A-4D25-47A2-AD09-6D2DF1A38D04}
		{9D5BF7FA-B80E-412C-A06D-812D707C0321} = {1C6C1B4A-4D25-47A2-AD09-6D2DF1A38D04}
		{710CF031-8183-48F7-9095-DF110EE4F335} = {1C6C1B4A-4D25-47A2-AD09-6D2DF1A38D04}
		{078BCEFF-221D-4FD8-834A-D8E34BFFD07B} = {1C6C1B4A-4D25-47A2-AD09-6D2DF1A38D04}
		{267C88B8-FF67-44E5-8F92-B7C23161F70B} = {1C6C1B4A-4D25-47A2-AD09-6D2DF1A38D04}
		{F5A892C6-1D0D-489C-A6D1-4B5AE522B071} = {1C6C1B4A-4D25-47A2-AD09-6D2DF1A38D04}
		{1E9BF59A-B8DA-4B86-8CBB-ADBECE2FD3C0} = {1C6C1B4A-4D25-47A2-AD09-6D2DF1A38D04}
		{FB079EDC-82E1-47A8-AFC3-1236239A5152} = {1C6C1B4A-4D25-47A2-AD09-6D2DF1A38D04}
		{47F3D934-7A48-4D3D-8D1E-65DF646A6DF0} = {1C6C1B4A-4D25-47A2-AD09-6D2DF1A38D04}
		{67D63A49-FCE5-4FB1-B998-97DF36E8BC23} = {1C6C1B4A-4D25-47A2-AD09-6D2DF1A38D04}
		{01B5F0F0-3529-46DF-BDA5-4E41E30C9B0F} = {1C6C1B4A-4D25-47A2-AD09-6D2DF1A38D04}
		{8E0CBA1C-3785-4DA1-B453-0085B6724E94} = {1C6C1B4A-4D25-47A2-AD09-6D2DF1A38D04}
		{B86C5BE9-44BE-45AA-AADF-920BC5993E6C} = {1C6C1B4A-4D25-47A2-AD09-6D2DF1A38D04}
		{57CF462F-E2C6-49E6-B703-4F3DF7A2C314} = {1C6C1B4A-4D25-47A2-AD09-6D2DF1A38D04}
		{C4A79C0B-3B7A-45B3-9CC7-5E77C301D508} = {1C6C1B4A-4D25-47A2-AD09-6D2DF1A38D04}
		{CD756446-E987-4876-AF5D-5A0F95E056C8} = {1C6C1B4A-4D25-47A2-AD09-6D2DF1A38D04}
		{CA89AB1B-3BE1-45DF-A039-53C49015FC35} = {1C6C1B4A-4D25-47A2-AD09-6D2DF1A38D04}
		{58062423-89C2-41DE-B685-E1D75D176A55} = {1C6C1B4A-4D25-47A2-AD09-6D2DF1A38D04}
		{45B351B0-18FA-49A4-AAFE-EA5EA240574A} = {1C6C1B4A-4D25-47A2-AD09-6D2DF1A38D04}
		{22A50BBB-4002-43F5-88CB-446DB5B80EC8} = {1C6C1B4A-4D25-47A2-AD09-6D2DF1A38D04}
		{64BA3874-815C-4571-86F4-49EE78BB8928} = {1C6C1B4A-4D25-47A2-AD09-6D2DF1A38D04}
		{7568E324-2059-4790-B7BA-874BD7AC66D0} = {1C6C1B4A-4D25-47A2-AD09-6D2DF1A38D04}
		{53023A27-2F19-4B3C-9735-8C9A9D18140A} = {1C6C1B4A-4D25-47A2-AD09-6D2DF1A38D04}
		{1C5F880D-1724-4F64-BDA4-9C3277C6BBD0} = {1C6C1B4A-4D25-47A2-AD09-6D2DF1A38D04}
		{D3A4E3A8-9832-4358-AE08-1828E56CE168} = {1C6C1B4A-4D25-47A2-AD09-6D2DF1A38D04}
		{8B27178C-08A8-4F47-9DF3-32AF84AA702F} = {1C6C1B4A-4D25-47A2-AD09-6D2DF1A38D04}
		{5865F70A-7B77-4C03-AF14-0ECB2C6D1262} = {1C6C1B4A-4D25-47A2-AD09-6D2DF1A38D04}
		{32EA52CF-68A4-4F36-ACCD-E2A67D4AD8FE} = {1C6C1B4A-4D25-47A2-AD09-6D2DF1A38D04}
		{CF2213D6-C699-4BE5-B2E8-72346F6C72A5} = {1C6C1B4A-4D25-47A2-AD09-6D2DF1A38D04}
		{2E038E4D-94B0-4EFB-8C33-A79972D9BD0E} = {1C6C1B4A-4D25-47A2-AD09-6D2DF1A38D04}
		{515BA3B8-524C-483B-9B96-D8DE37523DB2} = {1C6C1B4A-4D25-47A2-AD09-6D2DF1A38D04}
		{89790431-F0FE-422C-B147-2A1246524F44} = {1C6C1B4A-4D25-47A2-AD09-6D2DF1A38D04}
		{3C141E5F-023D-4C53-A277-6A6DAD23E41F} = {1C6C1B4A-4D25-47A2-AD09-6D2DF1A38D04}
		{DDB07777-9447-4A9F-BBF1-F2E1CBA08F7C} = {1C6C1B4A-4D25-47A2-AD09-6D2DF1A38D04}
		{87A56EAE-8786-45A4-ABE2-E3696C19159C} = {1C6C1B4A-4D25-47A2-AD09-6D2DF1A38D04}
		{6CD7234E-AB45-4136-B8CF-A7843F52BE3D} = {1C6C1B4A-4D25-47A2-AD09-6D2DF1A38D04}
		{2884D7B8-CA63-4BF2-B766-3F3CE9D6EDBD} = {1C6C1B4A-4D25-47A2-AD09-6D2DF1A38D04}
		{74689142-BB8D-4AFB-ACCF-A4D8EFD07389} = {1C6C1B4A-4D25-47A2-AD09-6D2DF1A38D04}
		{DC783B2D-1A33-4DE0-A96C-943A37143F60} = {1C6C1B4A-4D25-47A2-AD09-6D2DF1A38D04}
		{DDA4C67C-D423-47E7-B7F8-95F8EE4AB546} = {1C6C1B4A-4D25-47A2-AD09-6D2DF1A38D04}
		{254B897A-EB06-4053-9065-B661907CB72D} = {1C6C1B4A-4D25-47A2-AD09-6D2DF1A38D04}
		{B735D261-432E-4895-96ED-16E759FBF3B2} = {1C6C1B4A-4D25-47A2-AD09-6D2DF1A38D04}
		{3C48B64B-D438-4C04-B020-67CD40943CBA} = {1C6C1B4A-4D25-47A2-AD09-6D2DF1A38D04}
		{53F8CEEC-CCD2-4D71-BCAD-89FCF681EF81} = {1C6C1B4A-4D25-47A2-AD09-6D2DF1A38D04}
		{500B5E3B-EC41-45B0-BDB8-10DDF82012F9} = {1C6C1B4A-4D25-47A2-AD09-6D2DF1A38D04}
		{633D267B-8EF9-4407-A764-CD2556369FC7} = {1C6C1B4A-4D25-47A2-AD09-6D2DF1A38D04}
		{D1274510-4F26-4FA8-8A83-3994B06C9799} = {1C6C1B4A-4D25-47A2-AD09-6D2DF1A38D04}
		{D1E77CD7-8273-44FE-A461-FED7BF4125C5} = {1C6C1B4A-4D25-47A2-AD09-6D2DF1A38D04}
		{5A9E08E7-B47A-4B9D-8841-03304BFCC96B} = {1C6C1B4A-4D25-47A2-AD09-6D2DF1A38D04}
		{48D20069-4CC8-4DD4-8D6E-D9815589B52E} = {1C6C1B4A-4D25-47A2-AD09-6D2DF1A38D04}
		{1EF4A622-3F72-46C5-AF04-9872F949E9AD} = {1C6C1B4A-4D25-47A2-AD09-6D2DF1A38D04}
		{E951D449-E67B-457A-AE8D-3B444AC4A19D} = {1C6C1B4A-4D25-47A2-AD09-6D2DF1A38D04}
		{8FC12EFB-CAD5-474E-ACC5-8DEA97E58390} = {1C6C1B4A-4D25-47A2-AD09-6D2DF1A38D04}
		{DDD1E9F5-7F21-4C5F-9E57-B37F3AF017D6} = {1C6C1B4A-4D25-47A2-AD09-6D2DF1A38D04}
		{304AC37B-524B-4A33-9E65-37A81B898E29} = {1C6C1B4A-4D25-47A2-AD09-6D2DF1A38D04}
		{3A1498F0-8472-4D5A-BE6E-DA61FF6B23DD} = {1C6C1B4A-4D25-47A2-AD09-6D2DF1A38D04}
		{E58D6AFB-09DC-410D-A791-A45D833FD8B7} = {1C6C1B4A-4D25-47A2-AD09-6D2DF1A38D04}
		{E85C0CCB-F463-4AF1-8D81-793964C41133} = {1C6C1B4A-4D25-47A2-AD09-6D2DF1A38D04}
		{32BE88B0-31A0-4EE2-A779-BD8E47C11A22} = {1C6C1B4A-4D25-47A2-AD09-6D2DF1A38D04}
		{2346A0DB-A7B1-443B-AA51-991B49F51EEA} = {1C6C1B4A-4D25-47A2-AD09-6D2DF1A38D04}
		{5CCF4FDC-B3C2-4470-9E81-2B890183FCFA} = {1C6C1B4A-4D25-47A2-AD09-6D2DF1A38D04}
		{B00F8C2D-D67E-4C6E-B670-0BA3A0D9F93C} = {1C6C1B4A-4D25-47A2-AD09-6D2DF1A38D04}
		{A04A6988-848F-4D7C-B6F1-082E9300BE8D} = {1C6C1B4A-4D25-47A2-AD09-6D2DF1A38D04}
		{A982B08C-A554-47E3-9940-4681B08A2EC6} = {1C6C1B4A-4D25-47A2-AD09-6D2DF1A38D04}
		{F86F9B0D-47DC-4464-ADE2-219A8843B312} = {1C6C1B4A-4D25-47A2-AD09-6D2DF1A38D04}
		{7BAF9B1F-1333-49B0-B5A1-DA150330680F} = {1C6C1B4A-4D25-47A2-AD09-6D2DF1A38D04}
		{D138CF17-0C4C-4B78-94B0-8A95E3B839A9} = {1C6C1B4A-4D25-47A2-AD09-6D2DF1A38D04}
		{97238F26-8AAF-4582-8223-497AA50E177C} = {1C6C1B4A-4D25-47A2-AD09-6D2DF1A38D04}
		{7E8A4F66-44A2-48E1-BF73-99F235383973} = {1C6C1B4A-4D25-47A2-AD09-6D2DF1A38D04}
		{29706945-B708-4A9F-999C-2D96E16C3864} = {1C6C1B4A-4D25-47A2-AD09-6D2DF1A38D04}
		{6ADC9E52-AF15-4810-B9BB-8BFCBCD10AA8} = {1C6C1B4A-4D25-47A2-AD09-6D2DF1A38D04}
		{7CF7F04B-9A38-4D97-AB5D-4ADA8EC1F2B0} = {1C6C1B4A-4D25-47A2-AD09-6D2DF1A38D04}
		{3C6882F9-C1D9-4C05-B55F-A61B7A60ACEF} = {1C6C1B4A-4D25-47A2-AD09-6D2DF1A38D04}
		{4C7167D5-140F-48FD-9640-BE91FB515439} = {1C6C1B4A-4D25-47A2-AD09-6D2DF1A38D04}
		{C01578A0-7F3F-448E-8AA7-C0061E6F44B4} = {1C6C1B4A-4D25-47A2-AD09-6D2DF1A38D04}
		{17C464BB-A8DA-49FA-A018-3B345ECE5017} = {1C6C1B4A-4D25-47A2-AD09-6D2DF1A38D04}
		{A78DCBC4-077B-4884-A7F4-D9AF70EDB538} = {641596B0-B9CE-44B5-ABDA-03C00DF844F2}
		{E374EF57-0C16-4BED-8B85-CCDCF42CC31B} = {A6F2B5BD-9D43-4004-BC36-E669EF76FEDA}
		{F8174831-166E-4E49-81EB-623F37B24CDC} = {E374EF57-0C16-4BED-8B85-CCDCF42CC31B}
		{DD51EDE6-5DB5-46BE-B252-F35BF752595A} = {E374EF57-0C16-4BED-8B85-CCDCF42CC31B}
		{5BBCB18E-A425-4032-8B5F-9451BC197905} = {E374EF57-0C16-4BED-8B85-CCDCF42CC31B}
		{3214C3CF-9939-4B8B-8FA6-886A6493D400} = {E374EF57-0C16-4BED-8B85-CCDCF42CC31B}
		{641596B0-B9CE-44B5-ABDA-03C00DF844F2} = {67770FC6-316D-4889-AD65-C8FB8987D873}
		{99CC898A-9605-430E-806F-ECD7A1668289} = {67770FC6-316D-4889-AD65-C8FB8987D873}
		{26E8BE2A-9314-3B99-B5BB-542E9EDE99BF} = {99CC898A-9605-430E-806F-ECD7A1668289}
		{A0AFD9EC-79C8-36CE-B0E8-1B7699B493C9} = {99CC898A-9605-430E-806F-ECD7A1668289}
		{5969AB1D-3891-4E8F-91AD-DF4E5B0EBADF} = {641596B0-B9CE-44B5-ABDA-03C00DF844F2}
	EndGlobalSection
	GlobalSection(ExtensibilityGlobals) = postSolution
		SolutionGuid = {0A8CEE52-492A-4393-9DD8-1A14948800DE}
	EndGlobalSection
EndGlobal
